
Microsoft Visual Studio Solution File, Format Version 12.00
# Visual Studio Version 16
VisualStudioVersion = 16.0.30114.105
MinimumVisualStudioVersion = 10.0.40219.1
Project("{FAE04EC0-301F-11D3-BF4B-00C04F79EFBC}") = "Crecer.Fair.Admin.Web", "Crecer.Fair.Admin.Web\Crecer.Fair.Admin.Web.csproj", "{A30D3FBA-BBEC-4B9E-99C2-FE68DD156F8F}"
EndProject
Project("{2150E333-8FDC-42A3-9474-1A3956D46DE8}") = "libs", "libs", "{A6D61280-4210-11EC-AE94-A39149D4C6AF}"
EndProject
Project("{FAE04EC0-301F-11D3-BF4B-00C04F79EFBC}") = "Ecubytes.AspNetCore", "..\..\..\EcubytesFramework\Common\Ecubytes.AspNetCore\Ecubytes.AspNetCore.csproj", "{FD5F2990-D16A-4399-9A6F-E5EB1004B103}"
EndProject
Project("{FAE04EC0-301F-11D3-BF4B-00C04F79EFBC}") = "Ecubytes.AspNetCore.Http", "..\..\..\EcubytesFramework\Common\Ecubytes.AspNetCore.Http\Ecubytes.AspNetCore.Http.csproj", "{1596C137-254F-41D6-AA03-79826DC02447}"
EndProject
Project("{FAE04EC0-301F-11D3-BF4B-00C04F79EFBC}") = "Ecubytes.AspNetCore.Mvc", "..\..\..\EcubytesFramework\Common\Ecubytes.AspNetCore.Mvc\Ecubytes.AspNetCore.Mvc.csproj", "{B1BE50F3-AA1A-4730-ADBF-9A0E980DE437}"
EndProject
Project("{FAE04EC0-301F-11D3-BF4B-00C04F79EFBC}") = "Ecubytes.AspNetCore.WebUtilities", "..\..\..\EcubytesFramework\Common\Ecubytes.AspNetCore.WebUtilities\Ecubytes.AspNetCore.WebUtilities.csproj", "{415DEAEC-B9BB-4FD9-B546-640234E9C247}"
EndProject
Project("{FAE04EC0-301F-11D3-BF4B-00C04F79EFBC}") = "Ecubytes.AspNetCore.Mvc.TagHelpers", "..\..\..\EcubytesFramework\Common\Ecubytes.AspNetCore.Mvc.TagHelpers\Ecubytes.AspNetCore.Mvc.TagHelpers.csproj", "{B05EC83A-5D94-4685-A3CE-13F7EFA87380}"
EndProject
Project("{FAE04EC0-301F-11D3-BF4B-00C04F79EFBC}") = "Ecubytes.AspNetCore.Authentication", "..\..\..\EcubytesFramework\Common\Ecubytes.AspNetCore.Authentication\Ecubytes.AspNetCore.Authentication.csproj", "{12E7C05D-2CE3-4A14-9C85-9A8761E407AF}"
EndProject
Project("{FAE04EC0-301F-11D3-BF4B-00C04F79EFBC}") = "Ecubytes.AspNetCore.Authorization", "..\..\..\EcubytesFramework\Common\Ecubytes.AspNetCore.Authorization\Ecubytes.AspNetCore.Authorization.csproj", "{CAFCF786-A0F5-4374-ABCF-39C86210E89E}"
EndProject
Project("{FAE04EC0-301F-11D3-BF4B-00C04F79EFBC}") = "Ecubytes.Data", "..\..\..\EcubytesFramework\Common\Ecubytes.Data\Ecubytes.Data.csproj", "{FC50F86A-0F65-438C-B116-78175B070ECF}"
EndProject
Project("{FAE04EC0-301F-11D3-BF4B-00C04F79EFBC}") = "Ecubytes.DependencyInjection", "..\..\..\EcubytesFramework\Common\Ecubytes.DependencyInjection\Ecubytes.DependencyInjection.csproj", "{BBEA94C0-D31F-4075-AD75-1B661959D2F0}"
EndProject
Project("{FAE04EC0-301F-11D3-BF4B-00C04F79EFBC}") = "Ecubytes.JsonUtilities", "..\..\..\EcubytesFramework\Common\Ecubytes.JsonUtilities\Ecubytes.JsonUtilities.csproj", "{01B415EC-A9F9-4C64-8EB0-95ED26C8176C}"
EndProject
Project("{FAE04EC0-301F-11D3-BF4B-00C04F79EFBC}") = "Ecubytes.Extensions.Mvc.Razor", "..\..\..\EcubytesFramework\Common\Ecubytes.Extensions.Mvc.Razor\Ecubytes.Extensions.Mvc.Razor.csproj", "{11315866-818F-430D-9348-EAFA17AA0DB4}"
EndProject
Project("{FAE04EC0-301F-11D3-BF4B-00C04F79EFBC}") = "Ecubytes.AspNetCore.Mvc.DataTables", "..\..\..\EcubytesFramework\Common\Ecubytes.AspNetCore.Mvc.DataTables\Ecubytes.AspNetCore.Mvc.DataTables.csproj", "{27F0659B-271C-48D8-8B74-01CF9BDDFA5A}"
EndProject
Project("{FAE04EC0-301F-11D3-BF4B-00C04F79EFBC}") = "Ecubytes.Extensions.Logging", "..\..\..\EcubytesFramework\Common\Ecubytes.Extensions.Logging\Ecubytes.Extensions.Logging.csproj", "{9764068C-2C3E-430D-87C9-1A872EFD30A3}"
EndProject
Project("{FAE04EC0-301F-11D3-BF4B-00C04F79EFBC}") = "Ecubytes.ImageUtilities", "..\..\..\EcubytesFramework\Common\Ecubytes.ImageUtilities\Ecubytes.ImageUtilities.csproj", "{A75B7D88-9642-4757-9A20-094D4A7DD3F0}"
EndProject
Project("{FAE04EC0-301F-11D3-BF4B-00C04F79EFBC}") = "Ecubytes.Sdk.Identity", "..\..\..\EcubytesFramework\Sdk\Ecubytes.Sdk.Identity\Ecubytes.Sdk.Identity.csproj", "{5586EE00-313E-4AC0-873C-35761B169EEE}"
EndProject
Global
	GlobalSection(SolutionConfigurationPlatforms) = preSolution
		Debug|Any CPU = Debug|Any CPU
		Debug|x64 = Debug|x64
		Debug|x86 = Debug|x86
		Release|Any CPU = Release|Any CPU
		Release|x64 = Release|x64
		Release|x86 = Release|x86
	EndGlobalSection
	GlobalSection(SolutionProperties) = preSolution
		HideSolutionNode = FALSE
	EndGlobalSection
	GlobalSection(ProjectConfigurationPlatforms) = postSolution
		{A30D3FBA-BBEC-4B9E-99C2-FE68DD156F8F}.Debug|Any CPU.ActiveCfg = Debug|Any CPU
		{A30D3FBA-BBEC-4B9E-99C2-FE68DD156F8F}.Debug|Any CPU.Build.0 = Debug|Any CPU
		{A30D3FBA-BBEC-4B9E-99C2-FE68DD156F8F}.Debug|x64.ActiveCfg = Debug|Any CPU
		{A30D3FBA-BBEC-4B9E-99C2-FE68DD156F8F}.Debug|x64.Build.0 = Debug|Any CPU
		{A30D3FBA-BBEC-4B9E-99C2-FE68DD156F8F}.Debug|x86.ActiveCfg = Debug|Any CPU
		{A30D3FBA-BBEC-4B9E-99C2-FE68DD156F8F}.Debug|x86.Build.0 = Debug|Any CPU
		{A30D3FBA-BBEC-4B9E-99C2-FE68DD156F8F}.Release|Any CPU.ActiveCfg = Release|Any CPU
		{A30D3FBA-BBEC-4B9E-99C2-FE68DD156F8F}.Release|Any CPU.Build.0 = Release|Any CPU
		{A30D3FBA-BBEC-4B9E-99C2-FE68DD156F8F}.Release|x64.ActiveCfg = Release|Any CPU
		{A30D3FBA-BBEC-4B9E-99C2-FE68DD156F8F}.Release|x64.Build.0 = Release|Any CPU
		{A30D3FBA-BBEC-4B9E-99C2-FE68DD156F8F}.Release|x86.ActiveCfg = Release|Any CPU
		{A30D3FBA-BBEC-4B9E-99C2-FE68DD156F8F}.Release|x86.Build.0 = Release|Any CPU
		{FD5F2990-D16A-4399-9A6F-E5EB1004B103}.Debug|Any CPU.ActiveCfg = Debug|Any CPU
		{FD5F2990-D16A-4399-9A6F-E5EB1004B103}.Debug|Any CPU.Build.0 = Debug|Any CPU
		{FD5F2990-D16A-4399-9A6F-E5EB1004B103}.Debug|x64.ActiveCfg = Debug|Any CPU
		{FD5F2990-D16A-4399-9A6F-E5EB1004B103}.Debug|x64.Build.0 = Debug|Any CPU
		{FD5F2990-D16A-4399-9A6F-E5EB1004B103}.Debug|x86.ActiveCfg = Debug|Any CPU
		{FD5F2990-D16A-4399-9A6F-E5EB1004B103}.Debug|x86.Build.0 = Debug|Any CPU
		{FD5F2990-D16A-4399-9A6F-E5EB1004B103}.Release|Any CPU.ActiveCfg = Release|Any CPU
		{FD5F2990-D16A-4399-9A6F-E5EB1004B103}.Release|Any CPU.Build.0 = Release|Any CPU
		{FD5F2990-D16A-4399-9A6F-E5EB1004B103}.Release|x64.ActiveCfg = Release|Any CPU
		{FD5F2990-D16A-4399-9A6F-E5EB1004B103}.Release|x64.Build.0 = Release|Any CPU
		{FD5F2990-D16A-4399-9A6F-E5EB1004B103}.Release|x86.ActiveCfg = Release|Any CPU
		{FD5F2990-D16A-4399-9A6F-E5EB1004B103}.Release|x86.Build.0 = Release|Any CPU
		{1596C137-254F-41D6-AA03-79826DC02447}.Debug|Any CPU.ActiveCfg = Debug|Any CPU
		{1596C137-254F-41D6-AA03-79826DC02447}.Debug|Any CPU.Build.0 = Debug|Any CPU
		{1596C137-254F-41D6-AA03-79826DC02447}.Debug|x64.ActiveCfg = Debug|Any CPU
		{1596C137-254F-41D6-AA03-79826DC02447}.Debug|x64.Build.0 = Debug|Any CPU
		{1596C137-254F-41D6-AA03-79826DC02447}.Debug|x86.ActiveCfg = Debug|Any CPU
		{1596C137-254F-41D6-AA03-79826DC02447}.Debug|x86.Build.0 = Debug|Any CPU
		{1596C137-254F-41D6-AA03-79826DC02447}.Release|Any CPU.ActiveCfg = Release|Any CPU
		{1596C137-254F-41D6-AA03-79826DC02447}.Release|Any CPU.Build.0 = Release|Any CPU
		{1596C137-254F-41D6-AA03-79826DC02447}.Release|x64.ActiveCfg = Release|Any CPU
		{1596C137-254F-41D6-AA03-79826DC02447}.Release|x64.Build.0 = Release|Any CPU
		{1596C137-254F-41D6-AA03-79826DC02447}.Release|x86.ActiveCfg = Release|Any CPU
		{1596C137-254F-41D6-AA03-79826DC02447}.Release|x86.Build.0 = Release|Any CPU
		{B1BE50F3-AA1A-4730-ADBF-9A0E980DE437}.Debug|Any CPU.ActiveCfg = Debug|Any CPU
		{B1BE50F3-AA1A-4730-ADBF-9A0E980DE437}.Debug|Any CPU.Build.0 = Debug|Any CPU
		{B1BE50F3-AA1A-4730-ADBF-9A0E980DE437}.Debug|x64.ActiveCfg = Debug|Any CPU
		{B1BE50F3-AA1A-4730-ADBF-9A0E980DE437}.Debug|x64.Build.0 = Debug|Any CPU
		{B1BE50F3-AA1A-4730-ADBF-9A0E980DE437}.Debug|x86.ActiveCfg = Debug|Any CPU
		{B1BE50F3-AA1A-4730-ADBF-9A0E980DE437}.Debug|x86.Build.0 = Debug|Any CPU
		{B1BE50F3-AA1A-4730-ADBF-9A0E980DE437}.Release|Any CPU.ActiveCfg = Release|Any CPU
		{B1BE50F3-AA1A-4730-ADBF-9A0E980DE437}.Release|Any CPU.Build.0 = Release|Any CPU
		{B1BE50F3-AA1A-4730-ADBF-9A0E980DE437}.Release|x64.ActiveCfg = Release|Any CPU
		{B1BE50F3-AA1A-4730-ADBF-9A0E980DE437}.Release|x64.Build.0 = Release|Any CPU
		{B1BE50F3-AA1A-4730-ADBF-9A0E980DE437}.Release|x86.ActiveCfg = Release|Any CPU
		{B1BE50F3-AA1A-4730-ADBF-9A0E980DE437}.Release|x86.Build.0 = Release|Any CPU
		{415DEAEC-B9BB-4FD9-B546-640234E9C247}.Debug|Any CPU.ActiveCfg = Debug|Any CPU
		{415DEAEC-B9BB-4FD9-B546-640234E9C247}.Debug|Any CPU.Build.0 = Debug|Any CPU
		{415DEAEC-B9BB-4FD9-B546-640234E9C247}.Debug|x64.ActiveCfg = Debug|Any CPU
		{415DEAEC-B9BB-4FD9-B546-640234E9C247}.Debug|x64.Build.0 = Debug|Any CPU
		{415DEAEC-B9BB-4FD9-B546-640234E9C247}.Debug|x86.ActiveCfg = Debug|Any CPU
		{415DEAEC-B9BB-4FD9-B546-640234E9C247}.Debug|x86.Build.0 = Debug|Any CPU
		{415DEAEC-B9BB-4FD9-B546-640234E9C247}.Release|Any CPU.ActiveCfg = Release|Any CPU
		{415DEAEC-B9BB-4FD9-B546-640234E9C247}.Release|Any CPU.Build.0 = Release|Any CPU
		{415DEAEC-B9BB-4FD9-B546-640234E9C247}.Release|x64.ActiveCfg = Release|Any CPU
		{415DEAEC-B9BB-4FD9-B546-640234E9C247}.Release|x64.Build.0 = Release|Any CPU
		{415DEAEC-B9BB-4FD9-B546-640234E9C247}.Release|x86.ActiveCfg = Release|Any CPU
		{415DEAEC-B9BB-4FD9-B546-640234E9C247}.Release|x86.Build.0 = Release|Any CPU
		{B05EC83A-5D94-4685-A3CE-13F7EFA87380}.Debug|Any CPU.ActiveCfg = Debug|Any CPU
		{B05EC83A-5D94-4685-A3CE-13F7EFA87380}.Debug|Any CPU.Build.0 = Debug|Any CPU
		{B05EC83A-5D94-4685-A3CE-13F7EFA87380}.Debug|x64.ActiveCfg = Debug|Any CPU
		{B05EC83A-5D94-4685-A3CE-13F7EFA87380}.Debug|x64.Build.0 = Debug|Any CPU
		{B05EC83A-5D94-4685-A3CE-13F7EFA87380}.Debug|x86.ActiveCfg = Debug|Any CPU
		{B05EC83A-5D94-4685-A3CE-13F7EFA87380}.Debug|x86.Build.0 = Debug|Any CPU
		{B05EC83A-5D94-4685-A3CE-13F7EFA87380}.Release|Any CPU.ActiveCfg = Release|Any CPU
		{B05EC83A-5D94-4685-A3CE-13F7EFA87380}.Release|Any CPU.Build.0 = Release|Any CPU
		{B05EC83A-5D94-4685-A3CE-13F7EFA87380}.Release|x64.ActiveCfg = Release|Any CPU
		{B05EC83A-5D94-4685-A3CE-13F7EFA87380}.Release|x64.Build.0 = Release|Any CPU
		{B05EC83A-5D94-4685-A3CE-13F7EFA87380}.Release|x86.ActiveCfg = Release|Any CPU
		{B05EC83A-5D94-4685-A3CE-13F7EFA87380}.Release|x86.Build.0 = Release|Any CPU
		{12E7C05D-2CE3-4A14-9C85-9A8761E407AF}.Debug|Any CPU.ActiveCfg = Debug|Any CPU
		{12E7C05D-2CE3-4A14-9C85-9A8761E407AF}.Debug|Any CPU.Build.0 = Debug|Any CPU
		{12E7C05D-2CE3-4A14-9C85-9A8761E407AF}.Debug|x64.ActiveCfg = Debug|Any CPU
		{12E7C05D-2CE3-4A14-9C85-9A8761E407AF}.Debug|x64.Build.0 = Debug|Any CPU
		{12E7C05D-2CE3-4A14-9C85-9A8761E407AF}.Debug|x86.ActiveCfg = Debug|Any CPU
		{12E7C05D-2CE3-4A14-9C85-9A8761E407AF}.Debug|x86.Build.0 = Debug|Any CPU
		{12E7C05D-2CE3-4A14-9C85-9A8761E407AF}.Release|Any CPU.ActiveCfg = Release|Any CPU
		{12E7C05D-2CE3-4A14-9C85-9A8761E407AF}.Release|Any CPU.Build.0 = Release|Any CPU
		{12E7C05D-2CE3-4A14-9C85-9A8761E407AF}.Release|x64.ActiveCfg = Release|Any CPU
		{12E7C05D-2CE3-4A14-9C85-9A8761E407AF}.Release|x64.Build.0 = Release|Any CPU
		{12E7C05D-2CE3-4A14-9C85-9A8761E407AF}.Release|x86.ActiveCfg = Release|Any CPU
		{12E7C05D-2CE3-4A14-9C85-9A8761E407AF}.Release|x86.Build.0 = Release|Any CPU
		{CAFCF786-A0F5-4374-ABCF-39C86210E89E}.Debug|Any CPU.ActiveCfg = Debug|Any CPU
		{CAFCF786-A0F5-4374-ABCF-39C86210E89E}.Debug|Any CPU.Build.0 = Debug|Any CPU
		{CAFCF786-A0F5-4374-ABCF-39C86210E89E}.Debug|x64.ActiveCfg = Debug|Any CPU
		{CAFCF786-A0F5-4374-ABCF-39C86210E89E}.Debug|x64.Build.0 = Debug|Any CPU
		{CAFCF786-A0F5-4374-ABCF-39C86210E89E}.Debug|x86.ActiveCfg = Debug|Any CPU
		{CAFCF786-A0F5-4374-ABCF-39C86210E89E}.Debug|x86.Build.0 = Debug|Any CPU
		{CAFCF786-A0F5-4374-ABCF-39C86210E89E}.Release|Any CPU.ActiveCfg = Release|Any CPU
		{CAFCF786-A0F5-4374-ABCF-39C86210E89E}.Release|Any CPU.Build.0 = Release|Any CPU
		{CAFCF786-A0F5-4374-ABCF-39C86210E89E}.Release|x64.ActiveCfg = Release|Any CPU
		{CAFCF786-A0F5-4374-ABCF-39C86210E89E}.Release|x64.Build.0 = Release|Any CPU
		{CAFCF786-A0F5-4374-ABCF-39C86210E89E}.Release|x86.ActiveCfg = Release|Any CPU
		{CAFCF786-A0F5-4374-ABCF-39C86210E89E}.Release|x86.Build.0 = Release|Any CPU
		{FC50F86A-0F65-438C-B116-78175B070ECF}.Debug|Any CPU.ActiveCfg = Debug|Any CPU
		{FC50F86A-0F65-438C-B116-78175B070ECF}.Debug|Any CPU.Build.0 = Debug|Any CPU
		{FC50F86A-0F65-438C-B116-78175B070ECF}.Debug|x64.ActiveCfg = Debug|Any CPU
		{FC50F86A-0F65-438C-B116-78175B070ECF}.Debug|x64.Build.0 = Debug|Any CPU
		{FC50F86A-0F65-438C-B116-78175B070ECF}.Debug|x86.ActiveCfg = Debug|Any CPU
		{FC50F86A-0F65-438C-B116-78175B070ECF}.Debug|x86.Build.0 = Debug|Any CPU
		{FC50F86A-0F65-438C-B116-78175B070ECF}.Release|Any CPU.ActiveCfg = Release|Any CPU
		{FC50F86A-0F65-438C-B116-78175B070ECF}.Release|Any CPU.Build.0 = Release|Any CPU
		{FC50F86A-0F65-438C-B116-78175B070ECF}.Release|x64.ActiveCfg = Release|Any CPU
		{FC50F86A-0F65-438C-B116-78175B070ECF}.Release|x64.Build.0 = Release|Any CPU
		{FC50F86A-0F65-438C-B116-78175B070ECF}.Release|x86.ActiveCfg = Release|Any CPU
		{FC50F86A-0F65-438C-B116-78175B070ECF}.Release|x86.Build.0 = Release|Any CPU
		{BBEA94C0-D31F-4075-AD75-1B661959D2F0}.Debug|Any CPU.ActiveCfg = Debug|Any CPU
		{BBEA94C0-D31F-4075-AD75-1B661959D2F0}.Debug|Any CPU.Build.0 = Debug|Any CPU
		{BBEA94C0-D31F-4075-AD75-1B661959D2F0}.Debug|x64.ActiveCfg = Debug|Any CPU
		{BBEA94C0-D31F-4075-AD75-1B661959D2F0}.Debug|x64.Build.0 = Debug|Any CPU
		{BBEA94C0-D31F-4075-AD75-1B661959D2F0}.Debug|x86.ActiveCfg = Debug|Any CPU
		{BBEA94C0-D31F-4075-AD75-1B661959D2F0}.Debug|x86.Build.0 = Debug|Any CPU
		{BBEA94C0-D31F-4075-AD75-1B661959D2F0}.Release|Any CPU.ActiveCfg = Release|Any CPU
		{BBEA94C0-D31F-4075-AD75-1B661959D2F0}.Release|Any CPU.Build.0 = Release|Any CPU
		{BBEA94C0-D31F-4075-AD75-1B661959D2F0}.Release|x64.ActiveCfg = Release|Any CPU
		{BBEA94C0-D31F-4075-AD75-1B661959D2F0}.Release|x64.Build.0 = Release|Any CPU
		{BBEA94C0-D31F-4075-AD75-1B661959D2F0}.Release|x86.ActiveCfg = Release|Any CPU
		{BBEA94C0-D31F-4075-AD75-1B661959D2F0}.Release|x86.Build.0 = Release|Any CPU
		{01B415EC-A9F9-4C64-8EB0-95ED26C8176C}.Debug|Any CPU.ActiveCfg = Debug|Any CPU
		{01B415EC-A9F9-4C64-8EB0-95ED26C8176C}.Debug|Any CPU.Build.0 = Debug|Any CPU
		{01B415EC-A9F9-4C64-8EB0-95ED26C8176C}.Debug|x64.ActiveCfg = Debug|Any CPU
		{01B415EC-A9F9-4C64-8EB0-95ED26C8176C}.Debug|x64.Build.0 = Debug|Any CPU
		{01B415EC-A9F9-4C64-8EB0-95ED26C8176C}.Debug|x86.ActiveCfg = Debug|Any CPU
		{01B415EC-A9F9-4C64-8EB0-95ED26C8176C}.Debug|x86.Build.0 = Debug|Any CPU
		{01B415EC-A9F9-4C64-8EB0-95ED26C8176C}.Release|Any CPU.ActiveCfg = Release|Any CPU
		{01B415EC-A9F9-4C64-8EB0-95ED26C8176C}.Release|Any CPU.Build.0 = Release|Any CPU
		{01B415EC-A9F9-4C64-8EB0-95ED26C8176C}.Release|x64.ActiveCfg = Release|Any CPU
		{01B415EC-A9F9-4C64-8EB0-95ED26C8176C}.Release|x64.Build.0 = Release|Any CPU
		{01B415EC-A9F9-4C64-8EB0-95ED26C8176C}.Release|x86.ActiveCfg = Release|Any CPU
		{01B415EC-A9F9-4C64-8EB0-95ED26C8176C}.Release|x86.Build.0 = Release|Any CPU
		{11315866-818F-430D-9348-EAFA17AA0DB4}.Debug|Any CPU.ActiveCfg = Debug|Any CPU
		{11315866-818F-430D-9348-EAFA17AA0DB4}.Debug|Any CPU.Build.0 = Debug|Any CPU
		{11315866-818F-430D-9348-EAFA17AA0DB4}.Debug|x64.ActiveCfg = Debug|Any CPU
		{11315866-818F-430D-9348-EAFA17AA0DB4}.Debug|x64.Build.0 = Debug|Any CPU
		{11315866-818F-430D-9348-EAFA17AA0DB4}.Debug|x86.ActiveCfg = Debug|Any CPU
		{11315866-818F-430D-9348-EAFA17AA0DB4}.Debug|x86.Build.0 = Debug|Any CPU
		{11315866-818F-430D-9348-EAFA17AA0DB4}.Release|Any CPU.ActiveCfg = Release|Any CPU
		{11315866-818F-430D-9348-EAFA17AA0DB4}.Release|Any CPU.Build.0 = Release|Any CPU
		{11315866-818F-430D-9348-EAFA17AA0DB4}.Release|x64.ActiveCfg = Release|Any CPU
		{11315866-818F-430D-9348-EAFA17AA0DB4}.Release|x64.Build.0 = Release|Any CPU
		{11315866-818F-430D-9348-EAFA17AA0DB4}.Release|x86.ActiveCfg = Release|Any CPU
		{11315866-818F-430D-9348-EAFA17AA0DB4}.Release|x86.Build.0 = Release|Any CPU
		{27F0659B-271C-48D8-8B74-01CF9BDDFA5A}.Debug|Any CPU.ActiveCfg = Debug|Any CPU
		{27F0659B-271C-48D8-8B74-01CF9BDDFA5A}.Debug|Any CPU.Build.0 = Debug|Any CPU
		{27F0659B-271C-48D8-8B74-01CF9BDDFA5A}.Debug|x64.ActiveCfg = Debug|Any CPU
		{27F0659B-271C-48D8-8B74-01CF9BDDFA5A}.Debug|x64.Build.0 = Debug|Any CPU
		{27F0659B-271C-48D8-8B74-01CF9BDDFA5A}.Debug|x86.ActiveCfg = Debug|Any CPU
		{27F0659B-271C-48D8-8B74-01CF9BDDFA5A}.Debug|x86.Build.0 = Debug|Any CPU
		{27F0659B-271C-48D8-8B74-01CF9BDDFA5A}.Release|Any CPU.ActiveCfg = Release|Any CPU
		{27F0659B-271C-48D8-8B74-01CF9BDDFA5A}.Release|Any CPU.Build.0 = Release|Any CPU
		{27F0659B-271C-48D8-8B74-01CF9BDDFA5A}.Release|x64.ActiveCfg = Release|Any CPU
		{27F0659B-271C-48D8-8B74-01CF9BDDFA5A}.Release|x64.Build.0 = Release|Any CPU
		{27F0659B-271C-48D8-8B74-01CF9BDDFA5A}.Release|x86.ActiveCfg = Release|Any CPU
		{27F0659B-271C-48D8-8B74-01CF9BDDFA5A}.Release|x86.Build.0 = Release|Any CPU
		{9764068C-2C3E-430D-87C9-1A872EFD30A3}.Debug|Any CPU.ActiveCfg = Debug|Any CPU
		{9764068C-2C3E-430D-87C9-1A872EFD30A3}.Debug|Any CPU.Build.0 = Debug|Any CPU
		{9764068C-2C3E-430D-87C9-1A872EFD30A3}.Debug|x64.ActiveCfg = Debug|Any CPU
		{9764068C-2C3E-430D-87C9-1A872EFD30A3}.Debug|x64.Build.0 = Debug|Any CPU
		{9764068C-2C3E-430D-87C9-1A872EFD30A3}.Debug|x86.ActiveCfg = Debug|Any CPU
		{9764068C-2C3E-430D-87C9-1A872EFD30A3}.Debug|x86.Build.0 = Debug|Any CPU
		{9764068C-2C3E-430D-87C9-1A872EFD30A3}.Release|Any CPU.ActiveCfg = Release|Any CPU
		{9764068C-2C3E-430D-87C9-1A872EFD30A3}.Release|Any CPU.Build.0 = Release|Any CPU
		{9764068C-2C3E-430D-87C9-1A872EFD30A3}.Release|x64.ActiveCfg = Release|Any CPU
		{9764068C-2C3E-430D-87C9-1A872EFD30A3}.Release|x64.Build.0 = Release|Any CPU
		{9764068C-2C3E-430D-87C9-1A872EFD30A3}.Release|x86.ActiveCfg = Release|Any CPU
		{9764068C-2C3E-430D-87C9-1A872EFD30A3}.Release|x86.Build.0 = Release|Any CPU
		{A75B7D88-9642-4757-9A20-094D4A7DD3F0}.Debug|Any CPU.ActiveCfg = Debug|Any CPU
		{A75B7D88-9642-4757-9A20-094D4A7DD3F0}.Debug|Any CPU.Build.0 = Debug|Any CPU
		{A75B7D88-9642-4757-9A20-094D4A7DD3F0}.Debug|x64.ActiveCfg = Debug|Any CPU
		{A75B7D88-9642-4757-9A20-094D4A7DD3F0}.Debug|x64.Build.0 = Debug|Any CPU
		{A75B7D88-9642-4757-9A20-094D4A7DD3F0}.Debug|x86.ActiveCfg = Debug|Any CPU
		{A75B7D88-9642-4757-9A20-094D4A7DD3F0}.Debug|x86.Build.0 = Debug|Any CPU
		{A75B7D88-9642-4757-9A20-094D4A7DD3F0}.Release|Any CPU.ActiveCfg = Release|Any CPU
		{A75B7D88-9642-4757-9A20-094D4A7DD3F0}.Release|Any CPU.Build.0 = Release|Any CPU
		{A75B7D88-9642-4757-9A20-094D4A7DD3F0}.Release|x64.ActiveCfg = Release|Any CPU
		{A75B7D88-9642-4757-9A20-094D4A7DD3F0}.Release|x64.Build.0 = Release|Any CPU
		{A75B7D88-9642-4757-9A20-094D4A7DD3F0}.Release|x86.ActiveCfg = Release|Any CPU
		{A75B7D88-9642-4757-9A20-094D4A7DD3F0}.Release|x86.Build.0 = Release|Any CPU
		{5586EE00-313E-4AC0-873C-35761B169EEE}.Debug|Any CPU.ActiveCfg = Debug|Any CPU
		{5586EE00-313E-4AC0-873C-35761B169EEE}.Debug|Any CPU.Build.0 = Debug|Any CPU
		{5586EE00-313E-4AC0-873C-35761B169EEE}.Debug|x64.ActiveCfg = Debug|Any CPU
		{5586EE00-313E-4AC0-873C-35761B169EEE}.Debug|x64.Build.0 = Debug|Any CPU
		{5586EE00-313E-4AC0-873C-35761B169EEE}.Debug|x86.ActiveCfg = Debug|Any CPU
		{5586EE00-313E-4AC0-873C-35761B169EEE}.Debug|x86.Build.0 = Debug|Any CPU
		{5586EE00-313E-4AC0-873C-35761B169EEE}.Release|Any CPU.ActiveCfg = Release|Any CPU
		{5586EE00-313E-4AC0-873C-35761B169EEE}.Release|Any CPU.Build.0 = Release|Any CPU
		{5586EE00-313E-4AC0-873C-35761B169EEE}.Release|x64.ActiveCfg = Release|Any CPU
		{5586EE00-313E-4AC0-873C-35761B169EEE}.Release|x64.Build.0 = Release|Any CPU
		{5586EE00-313E-4AC0-873C-35761B169EEE}.Release|x86.ActiveCfg = Release|Any CPU
		{5586EE00-313E-4AC0-873C-35761B169EEE}.Release|x86.Build.0 = Release|Any CPU
	EndGlobalSection
	GlobalSection(NestedProjects) = preSolution
		{5586EE00-313E-4AC0-873C-35761B169EEE} = {A6D61280-4210-11EC-AE94-A39149D4C6AF}
		{A75B7D88-9642-4757-9A20-094D4A7DD3F0} = {A6D61280-4210-11EC-AE94-A39149D4C6AF}
		{9764068C-2C3E-430D-87C9-1A872EFD30A3} = {A6D61280-4210-11EC-AE94-A39149D4C6AF}
		{27F0659B-271C-48D8-8B74-01CF9BDDFA5A} = {A6D61280-4210-11EC-AE94-A39149D4C6AF}
		{01B415EC-A9F9-4C64-8EB0-95ED26C8176C} = {A6D61280-4210-11EC-AE94-A39149D4C6AF}
		{11315866-818F-430D-9348-EAFA17AA0DB4} = {A6D61280-4210-11EC-AE94-A39149D4C6AF}
		{BBEA94C0-D31F-4075-AD75-1B661959D2F0} = {A6D61280-4210-11EC-AE94-A39149D4C6AF}
		{FC50F86A-0F65-438C-B116-78175B070ECF} = {A6D61280-4210-11EC-AE94-A39149D4C6AF}
		{415DEAEC-B9BB-4FD9-B546-640234E9C247} = {A6D61280-4210-11EC-AE94-A39149D4C6AF}
		{B05EC83A-5D94-4685-A3CE-13F7EFA87380} = {A6D61280-4210-11EC-AE94-A39149D4C6AF}
		{B1BE50F3-AA1A-4730-ADBF-9A0E980DE437} = {A6D61280-4210-11EC-AE94-A39149D4C6AF}
		{1596C137-254F-41D6-AA03-79826DC02447} = {A6D61280-4210-11EC-AE94-A39149D4C6AF}
		{CAFCF786-A0F5-4374-ABCF-39C86210E89E} = {A6D61280-4210-11EC-AE94-A39149D4C6AF}
		{12E7C05D-2CE3-4A14-9C85-9A8761E407AF} = {A6D61280-4210-11EC-AE94-A39149D4C6AF}
		{FD5F2990-D16A-4399-9A6F-E5EB1004B103} = {A6D61280-4210-11EC-AE94-A39149D4C6AF}
	EndGlobalSection
EndGlobal
