
Microsoft Visual Studio Solution File, Format Version 12.00
# Visual Studio Version 16
VisualStudioVersion = 16.0.30114.105
MinimumVisualStudioVersion = 10.0.40219.1
Project("{FAE04EC0-301F-11D3-BF4B-00C04F79EFBC}") = "Crecer.Fair.Web", "Crecer.Fair.Web\Crecer.Fair.Web.csproj", "{C9D05145-53C5-4929-AB0F-84492D67D6D3}"
EndProject
Project("{2150E333-8FDC-42A3-9474-1A3956D46DE8}") = "libs", "libs", "{34F51710-3586-11EC-89F9-877885F5B69E}"
EndProject
Project("{FAE04EC0-301F-11D3-BF4B-00C04F79EFBC}") = "Ecubytes.AspNetCore.Mvc", "..\..\..\EcubytesFramework\Common\Ecubytes.AspNetCore.Mvc\Ecubytes.AspNetCore.Mvc.csproj", "{CD24E318-74F4-4B4D-B55F-1A9F1CA1F77C}"
EndProject
Project("{FAE04EC0-301F-11D3-BF4B-00C04F79EFBC}") = "Ecubytes.AspNetCore.Authentication", "..\..\..\EcubytesFramework\Common\Ecubytes.AspNetCore.Authentication\Ecubytes.AspNetCore.Authentication.csproj", "{FF8EFD65-B016-4661-A0CE-A79CE48EFDBD}"
EndProject
Project("{FAE04EC0-301F-11D3-BF4B-00C04F79EFBC}") = "Ecubytes.AspNetCore.Http", "..\..\..\EcubytesFramework\Common\Ecubytes.AspNetCore.Http\Ecubytes.AspNetCore.Http.csproj", "{367B729C-4166-4022-B626-9DCDF080BE4A}"
EndProject
Project("{FAE04EC0-301F-11D3-BF4B-00C04F79EFBC}") = "Ecubytes.AspNetCore.WebUtilities", "..\..\..\EcubytesFramework\Common\Ecubytes.AspNetCore.WebUtilities\Ecubytes.AspNetCore.WebUtilities.csproj", "{2AF4C969-3561-49BE-A558-CEA62A8C027F}"
EndProject
Project("{FAE04EC0-301F-11D3-BF4B-00C04F79EFBC}") = "Ecubytes.DependencyInjection", "..\..\..\EcubytesFramework\Common\Ecubytes.DependencyInjection\Ecubytes.DependencyInjection.csproj", "{E38837B8-551B-4DA6-B91B-9E31621413BD}"
EndProject
Project("{FAE04EC0-301F-11D3-BF4B-00C04F79EFBC}") = "Ecubytes.AspNetCore", "..\..\..\EcubytesFramework\Common\Ecubytes.AspNetCore\Ecubytes.AspNetCore.csproj", "{0DACC7C4-852F-4F5A-A55B-A04895C16921}"
EndProject
Project("{FAE04EC0-301F-11D3-BF4B-00C04F79EFBC}") = "Ecubytes.AspNetCore.Authorization", "..\..\..\EcubytesFramework\Common\Ecubytes.AspNetCore.Authorization\Ecubytes.AspNetCore.Authorization.csproj", "{F5BD5D25-06F1-4195-8255-58AA9842D13A}"
EndProject
Project("{FAE04EC0-301F-11D3-BF4B-00C04F79EFBC}") = "Ecubytes.Sdk.Identity", "..\..\..\EcubytesFramework\Sdk\Ecubytes.Sdk.Identity\Ecubytes.Sdk.Identity.csproj", "{D25EA972-25DD-4B61-8564-DED0EBA1872C}"
EndProject
Project("{FAE04EC0-301F-11D3-BF4B-00C04F79EFBC}") = "Ecubytes.AspNetCore.Mvc.TagHelpers", "..\..\..\EcubytesFramework\Common\Ecubytes.AspNetCore.Mvc.TagHelpers\Ecubytes.AspNetCore.Mvc.TagHelpers.csproj", "{D2019FC4-24E1-4688-8FDA-202D3ED94A16}"
EndProject
Project("{FAE04EC0-301F-11D3-BF4B-00C04F79EFBC}") = "Ecubytes.Data", "..\..\..\EcubytesFramework\Common\Ecubytes.Data\Ecubytes.Data.csproj", "{51891FEF-9E38-466D-8B48-49D0099BED23}"
EndProject
Project("{FAE04EC0-301F-11D3-BF4B-00C04F79EFBC}") = "Ecubytes.Extensions.Mvc.Razor", "..\..\..\EcubytesFramework\Common\Ecubytes.Extensions.Mvc.Razor\Ecubytes.Extensions.Mvc.Razor.csproj", "{0146F89A-BE9C-41CA-9509-38A64BDFB4BB}"
EndProject
Project("{FAE04EC0-301F-11D3-BF4B-00C04F79EFBC}") = "Ecubytes.JsonUtilities", "..\..\..\EcubytesFramework\Common\Ecubytes.JsonUtilities\Ecubytes.JsonUtilities.csproj", "{AB001070-2BEA-47D0-B8D6-269F1AE66411}"
EndProject
Project("{FAE04EC0-301F-11D3-BF4B-00C04F79EFBC}") = "Ecubytes.ImageUtilities", "..\..\..\EcubytesFramework\Common\Ecubytes.ImageUtilities\Ecubytes.ImageUtilities.csproj", "{D485EAC4-FC14-4BE8-9827-729DF76C1067}"
EndProject
Global
	GlobalSection(SolutionConfigurationPlatforms) = preSolution
		Debug|Any CPU = Debug|Any CPU
		Debug|x64 = Debug|x64
		Debug|x86 = Debug|x86
		Release|Any CPU = Release|Any CPU
		Release|x64 = Release|x64
		Release|x86 = Release|x86
	EndGlobalSection
	GlobalSection(SolutionProperties) = preSolution
		HideSolutionNode = FALSE
	EndGlobalSection
	GlobalSection(ProjectConfigurationPlatforms) = postSolution
		{C9D05145-53C5-4929-AB0F-84492D67D6D3}.Debug|Any CPU.ActiveCfg = Debug|Any CPU
		{C9D05145-53C5-4929-AB0F-84492D67D6D3}.Debug|Any CPU.Build.0 = Debug|Any CPU
		{C9D05145-53C5-4929-AB0F-84492D67D6D3}.Debug|x64.ActiveCfg = Debug|Any CPU
		{C9D05145-53C5-4929-AB0F-84492D67D6D3}.Debug|x64.Build.0 = Debug|Any CPU
		{C9D05145-53C5-4929-AB0F-84492D67D6D3}.Debug|x86.ActiveCfg = Debug|Any CPU
		{C9D05145-53C5-4929-AB0F-84492D67D6D3}.Debug|x86.Build.0 = Debug|Any CPU
		{C9D05145-53C5-4929-AB0F-84492D67D6D3}.Release|Any CPU.ActiveCfg = Release|Any CPU
		{C9D05145-53C5-4929-AB0F-84492D67D6D3}.Release|Any CPU.Build.0 = Release|Any CPU
		{C9D05145-53C5-4929-AB0F-84492D67D6D3}.Release|x64.ActiveCfg = Release|Any CPU
		{C9D05145-53C5-4929-AB0F-84492D67D6D3}.Release|x64.Build.0 = Release|Any CPU
		{C9D05145-53C5-4929-AB0F-84492D67D6D3}.Release|x86.ActiveCfg = Release|Any CPU
		{C9D05145-53C5-4929-AB0F-84492D67D6D3}.Release|x86.Build.0 = Release|Any CPU
		{CD24E318-74F4-4B4D-B55F-1A9F1CA1F77C}.Debug|Any CPU.ActiveCfg = Debug|Any CPU
		{CD24E318-74F4-4B4D-B55F-1A9F1CA1F77C}.Debug|Any CPU.Build.0 = Debug|Any CPU
		{CD24E318-74F4-4B4D-B55F-1A9F1CA1F77C}.Debug|x64.ActiveCfg = Debug|Any CPU
		{CD24E318-74F4-4B4D-B55F-1A9F1CA1F77C}.Debug|x64.Build.0 = Debug|Any CPU
		{CD24E318-74F4-4B4D-B55F-1A9F1CA1F77C}.Debug|x86.ActiveCfg = Debug|Any CPU
		{CD24E318-74F4-4B4D-B55F-1A9F1CA1F77C}.Debug|x86.Build.0 = Debug|Any CPU
		{CD24E318-74F4-4B4D-B55F-1A9F1CA1F77C}.Release|Any CPU.ActiveCfg = Release|Any CPU
		{CD24E318-74F4-4B4D-B55F-1A9F1CA1F77C}.Release|Any CPU.Build.0 = Release|Any CPU
		{CD24E318-74F4-4B4D-B55F-1A9F1CA1F77C}.Release|x64.ActiveCfg = Release|Any CPU
		{CD24E318-74F4-4B4D-B55F-1A9F1CA1F77C}.Release|x64.Build.0 = Release|Any CPU
		{CD24E318-74F4-4B4D-B55F-1A9F1CA1F77C}.Release|x86.ActiveCfg = Release|Any CPU
		{CD24E318-74F4-4B4D-B55F-1A9F1CA1F77C}.Release|x86.Build.0 = Release|Any CPU
		{FF8EFD65-B016-4661-A0CE-A79CE48EFDBD}.Debug|Any CPU.ActiveCfg = Debug|Any CPU
		{FF8EFD65-B016-4661-A0CE-A79CE48EFDBD}.Debug|Any CPU.Build.0 = Debug|Any CPU
		{FF8EFD65-B016-4661-A0CE-A79CE48EFDBD}.Debug|x64.ActiveCfg = Debug|Any CPU
		{FF8EFD65-B016-4661-A0CE-A79CE48EFDBD}.Debug|x64.Build.0 = Debug|Any CPU
		{FF8EFD65-B016-4661-A0CE-A79CE48EFDBD}.Debug|x86.ActiveCfg = Debug|Any CPU
		{FF8EFD65-B016-4661-A0CE-A79CE48EFDBD}.Debug|x86.Build.0 = Debug|Any CPU
		{FF8EFD65-B016-4661-A0CE-A79CE48EFDBD}.Release|Any CPU.ActiveCfg = Release|Any CPU
		{FF8EFD65-B016-4661-A0CE-A79CE48EFDBD}.Release|Any CPU.Build.0 = Release|Any CPU
		{FF8EFD65-B016-4661-A0CE-A79CE48EFDBD}.Release|x64.ActiveCfg = Release|Any CPU
		{FF8EFD65-B016-4661-A0CE-A79CE48EFDBD}.Release|x64.Build.0 = Release|Any CPU
		{FF8EFD65-B016-4661-A0CE-A79CE48EFDBD}.Release|x86.ActiveCfg = Release|Any CPU
		{FF8EFD65-B016-4661-A0CE-A79CE48EFDBD}.Release|x86.Build.0 = Release|Any CPU
		{367B729C-4166-4022-B626-9DCDF080BE4A}.Debug|Any CPU.ActiveCfg = Debug|Any CPU
		{367B729C-4166-4022-B626-9DCDF080BE4A}.Debug|Any CPU.Build.0 = Debug|Any CPU
		{367B729C-4166-4022-B626-9DCDF080BE4A}.Debug|x64.ActiveCfg = Debug|Any CPU
		{367B729C-4166-4022-B626-9DCDF080BE4A}.Debug|x64.Build.0 = Debug|Any CPU
		{367B729C-4166-4022-B626-9DCDF080BE4A}.Debug|x86.ActiveCfg = Debug|Any CPU
		{367B729C-4166-4022-B626-9DCDF080BE4A}.Debug|x86.Build.0 = Debug|Any CPU
		{367B729C-4166-4022-B626-9DCDF080BE4A}.Release|Any CPU.ActiveCfg = Release|Any CPU
		{367B729C-4166-4022-B626-9DCDF080BE4A}.Release|Any CPU.Build.0 = Release|Any CPU
		{367B729C-4166-4022-B626-9DCDF080BE4A}.Release|x64.ActiveCfg = Release|Any CPU
		{367B729C-4166-4022-B626-9DCDF080BE4A}.Release|x64.Build.0 = Release|Any CPU
		{367B729C-4166-4022-B626-9DCDF080BE4A}.Release|x86.ActiveCfg = Release|Any CPU
		{367B729C-4166-4022-B626-9DCDF080BE4A}.Release|x86.Build.0 = Release|Any CPU
		{2AF4C969-3561-49BE-A558-CEA62A8C027F}.Debug|Any CPU.ActiveCfg = Debug|Any CPU
		{2AF4C969-3561-49BE-A558-CEA62A8C027F}.Debug|Any CPU.Build.0 = Debug|Any CPU
		{2AF4C969-3561-49BE-A558-CEA62A8C027F}.Debug|x64.ActiveCfg = Debug|Any CPU
		{2AF4C969-3561-49BE-A558-CEA62A8C027F}.Debug|x64.Build.0 = Debug|Any CPU
		{2AF4C969-3561-49BE-A558-CEA62A8C027F}.Debug|x86.ActiveCfg = Debug|Any CPU
		{2AF4C969-3561-49BE-A558-CEA62A8C027F}.Debug|x86.Build.0 = Debug|Any CPU
		{2AF4C969-3561-49BE-A558-CEA62A8C027F}.Release|Any CPU.ActiveCfg = Release|Any CPU
		{2AF4C969-3561-49BE-A558-CEA62A8C027F}.Release|Any CPU.Build.0 = Release|Any CPU
		{2AF4C969-3561-49BE-A558-CEA62A8C027F}.Release|x64.ActiveCfg = Release|Any CPU
		{2AF4C969-3561-49BE-A558-CEA62A8C027F}.Release|x64.Build.0 = Release|Any CPU
		{2AF4C969-3561-49BE-A558-CEA62A8C027F}.Release|x86.ActiveCfg = Release|Any CPU
		{2AF4C969-3561-49BE-A558-CEA62A8C027F}.Release|x86.Build.0 = Release|Any CPU
		{E38837B8-551B-4DA6-B91B-9E31621413BD}.Debug|Any CPU.ActiveCfg = Debug|Any CPU
		{E38837B8-551B-4DA6-B91B-9E31621413BD}.Debug|Any CPU.Build.0 = Debug|Any CPU
		{E38837B8-551B-4DA6-B91B-9E31621413BD}.Debug|x64.ActiveCfg = Debug|Any CPU
		{E38837B8-551B-4DA6-B91B-9E31621413BD}.Debug|x64.Build.0 = Debug|Any CPU
		{E38837B8-551B-4DA6-B91B-9E31621413BD}.Debug|x86.ActiveCfg = Debug|Any CPU
		{E38837B8-551B-4DA6-B91B-9E31621413BD}.Debug|x86.Build.0 = Debug|Any CPU
		{E38837B8-551B-4DA6-B91B-9E31621413BD}.Release|Any CPU.ActiveCfg = Release|Any CPU
		{E38837B8-551B-4DA6-B91B-9E31621413BD}.Release|Any CPU.Build.0 = Release|Any CPU
		{E38837B8-551B-4DA6-B91B-9E31621413BD}.Release|x64.ActiveCfg = Release|Any CPU
		{E38837B8-551B-4DA6-B91B-9E31621413BD}.Release|x64.Build.0 = Release|Any CPU
		{E38837B8-551B-4DA6-B91B-9E31621413BD}.Release|x86.ActiveCfg = Release|Any CPU
		{E38837B8-551B-4DA6-B91B-9E31621413BD}.Release|x86.Build.0 = Release|Any CPU
		{0DACC7C4-852F-4F5A-A55B-A04895C16921}.Debug|Any CPU.ActiveCfg = Debug|Any CPU
		{0DACC7C4-852F-4F5A-A55B-A04895C16921}.Debug|Any CPU.Build.0 = Debug|Any CPU
		{0DACC7C4-852F-4F5A-A55B-A04895C16921}.Debug|x64.ActiveCfg = Debug|Any CPU
		{0DACC7C4-852F-4F5A-A55B-A04895C16921}.Debug|x64.Build.0 = Debug|Any CPU
		{0DACC7C4-852F-4F5A-A55B-A04895C16921}.Debug|x86.ActiveCfg = Debug|Any CPU
		{0DACC7C4-852F-4F5A-A55B-A04895C16921}.Debug|x86.Build.0 = Debug|Any CPU
		{0DACC7C4-852F-4F5A-A55B-A04895C16921}.Release|Any CPU.ActiveCfg = Release|Any CPU
		{0DACC7C4-852F-4F5A-A55B-A04895C16921}.Release|Any CPU.Build.0 = Release|Any CPU
		{0DACC7C4-852F-4F5A-A55B-A04895C16921}.Release|x64.ActiveCfg = Release|Any CPU
		{0DACC7C4-852F-4F5A-A55B-A04895C16921}.Release|x64.Build.0 = Release|Any CPU
		{0DACC7C4-852F-4F5A-A55B-A04895C16921}.Release|x86.ActiveCfg = Release|Any CPU
		{0DACC7C4-852F-4F5A-A55B-A04895C16921}.Release|x86.Build.0 = Release|Any CPU
		{F5BD5D25-06F1-4195-8255-58AA9842D13A}.Debug|Any CPU.ActiveCfg = Debug|Any CPU
		{F5BD5D25-06F1-4195-8255-58AA9842D13A}.Debug|Any CPU.Build.0 = Debug|Any CPU
		{F5BD5D25-06F1-4195-8255-58AA9842D13A}.Debug|x64.ActiveCfg = Debug|Any CPU
		{F5BD5D25-06F1-4195-8255-58AA9842D13A}.Debug|x64.Build.0 = Debug|Any CPU
		{F5BD5D25-06F1-4195-8255-58AA9842D13A}.Debug|x86.ActiveCfg = Debug|Any CPU
		{F5BD5D25-06F1-4195-8255-58AA9842D13A}.Debug|x86.Build.0 = Debug|Any CPU
		{F5BD5D25-06F1-4195-8255-58AA9842D13A}.Release|Any CPU.ActiveCfg = Release|Any CPU
		{F5BD5D25-06F1-4195-8255-58AA9842D13A}.Release|Any CPU.Build.0 = Release|Any CPU
		{F5BD5D25-06F1-4195-8255-58AA9842D13A}.Release|x64.ActiveCfg = Release|Any CPU
		{F5BD5D25-06F1-4195-8255-58AA9842D13A}.Release|x64.Build.0 = Release|Any CPU
		{F5BD5D25-06F1-4195-8255-58AA9842D13A}.Release|x86.ActiveCfg = Release|Any CPU
		{F5BD5D25-06F1-4195-8255-58AA9842D13A}.Release|x86.Build.0 = Release|Any CPU
		{D25EA972-25DD-4B61-8564-DED0EBA1872C}.Debug|Any CPU.ActiveCfg = Debug|Any CPU
		{D25EA972-25DD-4B61-8564-DED0EBA1872C}.Debug|Any CPU.Build.0 = Debug|Any CPU
		{D25EA972-25DD-4B61-8564-DED0EBA1872C}.Debug|x64.ActiveCfg = Debug|Any CPU
		{D25EA972-25DD-4B61-8564-DED0EBA1872C}.Debug|x64.Build.0 = Debug|Any CPU
		{D25EA972-25DD-4B61-8564-DED0EBA1872C}.Debug|x86.ActiveCfg = Debug|Any CPU
		{D25EA972-25DD-4B61-8564-DED0EBA1872C}.Debug|x86.Build.0 = Debug|Any CPU
		{D25EA972-25DD-4B61-8564-DED0EBA1872C}.Release|Any CPU.ActiveCfg = Release|Any CPU
		{D25EA972-25DD-4B61-8564-DED0EBA1872C}.Release|Any CPU.Build.0 = Release|Any CPU
		{D25EA972-25DD-4B61-8564-DED0EBA1872C}.Release|x64.ActiveCfg = Release|Any CPU
		{D25EA972-25DD-4B61-8564-DED0EBA1872C}.Release|x64.Build.0 = Release|Any CPU
		{D25EA972-25DD-4B61-8564-DED0EBA1872C}.Release|x86.ActiveCfg = Release|Any CPU
		{D25EA972-25DD-4B61-8564-DED0EBA1872C}.Release|x86.Build.0 = Release|Any CPU
		{D2019FC4-24E1-4688-8FDA-202D3ED94A16}.Debug|Any CPU.ActiveCfg = Debug|Any CPU
		{D2019FC4-24E1-4688-8FDA-202D3ED94A16}.Debug|Any CPU.Build.0 = Debug|Any CPU
		{D2019FC4-24E1-4688-8FDA-202D3ED94A16}.Debug|x64.ActiveCfg = Debug|Any CPU
		{D2019FC4-24E1-4688-8FDA-202D3ED94A16}.Debug|x64.Build.0 = Debug|Any CPU
		{D2019FC4-24E1-4688-8FDA-202D3ED94A16}.Debug|x86.ActiveCfg = Debug|Any CPU
		{D2019FC4-24E1-4688-8FDA-202D3ED94A16}.Debug|x86.Build.0 = Debug|Any CPU
		{D2019FC4-24E1-4688-8FDA-202D3ED94A16}.Release|Any CPU.ActiveCfg = Release|Any CPU
		{D2019FC4-24E1-4688-8FDA-202D3ED94A16}.Release|Any CPU.Build.0 = Release|Any CPU
		{D2019FC4-24E1-4688-8FDA-202D3ED94A16}.Release|x64.ActiveCfg = Release|Any CPU
		{D2019FC4-24E1-4688-8FDA-202D3ED94A16}.Release|x64.Build.0 = Release|Any CPU
		{D2019FC4-24E1-4688-8FDA-202D3ED94A16}.Release|x86.ActiveCfg = Release|Any CPU
		{D2019FC4-24E1-4688-8FDA-202D3ED94A16}.Release|x86.Build.0 = Release|Any CPU
		{51891FEF-9E38-466D-8B48-49D0099BED23}.Debug|Any CPU.ActiveCfg = Debug|Any CPU
		{51891FEF-9E38-466D-8B48-49D0099BED23}.Debug|Any CPU.Build.0 = Debug|Any CPU
		{51891FEF-9E38-466D-8B48-49D0099BED23}.Debug|x64.ActiveCfg = Debug|Any CPU
		{51891FEF-9E38-466D-8B48-49D0099BED23}.Debug|x64.Build.0 = Debug|Any CPU
		{51891FEF-9E38-466D-8B48-49D0099BED23}.Debug|x86.ActiveCfg = Debug|Any CPU
		{51891FEF-9E38-466D-8B48-49D0099BED23}.Debug|x86.Build.0 = Debug|Any CPU
		{51891FEF-9E38-466D-8B48-49D0099BED23}.Release|Any CPU.ActiveCfg = Release|Any CPU
		{51891FEF-9E38-466D-8B48-49D0099BED23}.Release|Any CPU.Build.0 = Release|Any CPU
		{51891FEF-9E38-466D-8B48-49D0099BED23}.Release|x64.ActiveCfg = Release|Any CPU
		{51891FEF-9E38-466D-8B48-49D0099BED23}.Release|x64.Build.0 = Release|Any CPU
		{51891FEF-9E38-466D-8B48-49D0099BED23}.Release|x86.ActiveCfg = Release|Any CPU
		{51891FEF-9E38-466D-8B48-49D0099BED23}.Release|x86.Build.0 = Release|Any CPU
		{0146F89A-BE9C-41CA-9509-38A64BDFB4BB}.Debug|Any CPU.ActiveCfg = Debug|Any CPU
		{0146F89A-BE9C-41CA-9509-38A64BDFB4BB}.Debug|Any CPU.Build.0 = Debug|Any CPU
		{0146F89A-BE9C-41CA-9509-38A64BDFB4BB}.Debug|x64.ActiveCfg = Debug|Any CPU
		{0146F89A-BE9C-41CA-9509-38A64BDFB4BB}.Debug|x64.Build.0 = Debug|Any CPU
		{0146F89A-BE9C-41CA-9509-38A64BDFB4BB}.Debug|x86.ActiveCfg = Debug|Any CPU
		{0146F89A-BE9C-41CA-9509-38A64BDFB4BB}.Debug|x86.Build.0 = Debug|Any CPU
		{0146F89A-BE9C-41CA-9509-38A64BDFB4BB}.Release|Any CPU.ActiveCfg = Release|Any CPU
		{0146F89A-BE9C-41CA-9509-38A64BDFB4BB}.Release|Any CPU.Build.0 = Release|Any CPU
		{0146F89A-BE9C-41CA-9509-38A64BDFB4BB}.Release|x64.ActiveCfg = Release|Any CPU
		{0146F89A-BE9C-41CA-9509-38A64BDFB4BB}.Release|x64.Build.0 = Release|Any CPU
		{0146F89A-BE9C-41CA-9509-38A64BDFB4BB}.Release|x86.ActiveCfg = Release|Any CPU
		{0146F89A-BE9C-41CA-9509-38A64BDFB4BB}.Release|x86.Build.0 = Release|Any CPU
		{AB001070-2BEA-47D0-B8D6-269F1AE66411}.Debug|Any CPU.ActiveCfg = Debug|Any CPU
		{AB001070-2BEA-47D0-B8D6-269F1AE66411}.Debug|Any CPU.Build.0 = Debug|Any CPU
		{AB001070-2BEA-47D0-B8D6-269F1AE66411}.Debug|x64.ActiveCfg = Debug|Any CPU
		{AB001070-2BEA-47D0-B8D6-269F1AE66411}.Debug|x64.Build.0 = Debug|Any CPU
		{AB001070-2BEA-47D0-B8D6-269F1AE66411}.Debug|x86.ActiveCfg = Debug|Any CPU
		{AB001070-2BEA-47D0-B8D6-269F1AE66411}.Debug|x86.Build.0 = Debug|Any CPU
		{AB001070-2BEA-47D0-B8D6-269F1AE66411}.Release|Any CPU.ActiveCfg = Release|Any CPU
		{AB001070-2BEA-47D0-B8D6-269F1AE66411}.Release|Any CPU.Build.0 = Release|Any CPU
		{AB001070-2BEA-47D0-B8D6-269F1AE66411}.Release|x64.ActiveCfg = Release|Any CPU
		{AB001070-2BEA-47D0-B8D6-269F1AE66411}.Release|x64.Build.0 = Release|Any CPU
		{AB001070-2BEA-47D0-B8D6-269F1AE66411}.Release|x86.ActiveCfg = Release|Any CPU
		{AB001070-2BEA-47D0-B8D6-269F1AE66411}.Release|x86.Build.0 = Release|Any CPU
		{D485EAC4-FC14-4BE8-9827-729DF76C1067}.Debug|Any CPU.ActiveCfg = Debug|Any CPU
		{D485EAC4-FC14-4BE8-9827-729DF76C1067}.Debug|Any CPU.Build.0 = Debug|Any CPU
		{D485EAC4-FC14-4BE8-9827-729DF76C1067}.Debug|x64.ActiveCfg = Debug|Any CPU
		{D485EAC4-FC14-4BE8-9827-729DF76C1067}.Debug|x64.Build.0 = Debug|Any CPU
		{D485EAC4-FC14-4BE8-9827-729DF76C1067}.Debug|x86.ActiveCfg = Debug|Any CPU
		{D485EAC4-FC14-4BE8-9827-729DF76C1067}.Debug|x86.Build.0 = Debug|Any CPU
		{D485EAC4-FC14-4BE8-9827-729DF76C1067}.Release|Any CPU.ActiveCfg = Release|Any CPU
		{D485EAC4-FC14-4BE8-9827-729DF76C1067}.Release|Any CPU.Build.0 = Release|Any CPU
		{D485EAC4-FC14-4BE8-9827-729DF76C1067}.Release|x64.ActiveCfg = Release|Any CPU
		{D485EAC4-FC14-4BE8-9827-729DF76C1067}.Release|x64.Build.0 = Release|Any CPU
		{D485EAC4-FC14-4BE8-9827-729DF76C1067}.Release|x86.ActiveCfg = Release|Any CPU
		{D485EAC4-FC14-4BE8-9827-729DF76C1067}.Release|x86.Build.0 = Release|Any CPU
	EndGlobalSection
	GlobalSection(NestedProjects) = preSolution
		{D485EAC4-FC14-4BE8-9827-729DF76C1067} = {34F51710-3586-11EC-89F9-877885F5B69E}
		{AB001070-2BEA-47D0-B8D6-269F1AE66411} = {34F51710-3586-11EC-89F9-877885F5B69E}
		{0146F89A-BE9C-41CA-9509-38A64BDFB4BB} = {34F51710-3586-11EC-89F9-877885F5B69E}
		{51891FEF-9E38-466D-8B48-49D0099BED23} = {34F51710-3586-11EC-89F9-877885F5B69E}
		{D2019FC4-24E1-4688-8FDA-202D3ED94A16} = {34F51710-3586-11EC-89F9-877885F5B69E}
		{D25EA972-25DD-4B61-8564-DED0EBA1872C} = {34F51710-3586-11EC-89F9-877885F5B69E}
		{F5BD5D25-06F1-4195-8255-58AA9842D13A} = {34F51710-3586-11EC-89F9-877885F5B69E}
		{0DACC7C4-852F-4F5A-A55B-A04895C16921} = {34F51710-3586-11EC-89F9-877885F5B69E}
		{E38837B8-551B-4DA6-B91B-9E31621413BD} = {34F51710-3586-11EC-89F9-877885F5B69E}
		{2AF4C969-3561-49BE-A558-CEA62A8C027F} = {34F51710-3586-11EC-89F9-877885F5B69E}
		{367B729C-4166-4022-B626-9DCDF080BE4A} = {34F51710-3586-11EC-89F9-877885F5B69E}
		{FF8EFD65-B016-4661-A0CE-A79CE48EFDBD} = {34F51710-3586-11EC-89F9-877885F5B69E}
		{CD24E318-74F4-4B4D-B55F-1A9F1CA1F77C} = {34F51710-3586-11EC-89F9-877885F5B69E}
	EndGlobalSection
EndGlobal
