
Microsoft Visual Studio Solution File, Format Version 12.00
# Visual Studio Version 16
VisualStudioVersion = 16.0.30114.105
MinimumVisualStudioVersion = 10.0.40219.1
Project("{FAE04EC0-301F-11D3-BF4B-00C04F79EFBC}") = "Crecer.Fair.Api", "Crecer.Fair.Api\Crecer.Fair.Api.csproj", "{418316BA-22C8-475E-9590-7EDC9BC1F581}"
EndProject
Project("{FAE04EC0-301F-11D3-BF4B-00C04F79EFBC}") = "Crecer.Fair.Data", "Crecer.Fair.Data\Crecer.Fair.Data.csproj", "{3F60A07F-ECF8-44EB-9E0C-E8DCCFB3CDF0}"
EndProject
Project("{FAE04EC0-301F-11D3-BF4B-00C04F79EFBC}") = "Crecer.Fair.Infrastructure", "Crecer.Fair.Infrastructure\Crecer.Fair.Infrastructure.csproj", "{C2101BC8-C9A2-4CE7-BE86-5B45912E48BD}"
EndProject
Global
	GlobalSection(SolutionConfigurationPlatforms) = preSolution
		Debug|Any CPU = Debug|Any CPU
		Debug|x64 = Debug|x64
		Debug|x86 = Debug|x86
		Release|Any CPU = Release|Any CPU
		Release|x64 = Release|x64
		Release|x86 = Release|x86
	EndGlobalSection
	GlobalSection(SolutionProperties) = preSolution
		HideSolutionNode = FALSE
	EndGlobalSection
	GlobalSection(ProjectConfigurationPlatforms) = postSolution
		{418316BA-22C8-475E-9590-7EDC9BC1F581}.Debug|Any CPU.ActiveCfg = Debug|Any CPU
		{418316BA-22C8-475E-9590-7EDC9BC1F581}.Debug|Any CPU.Build.0 = Debug|Any CPU
		{418316BA-22C8-475E-9590-7EDC9BC1F581}.Debug|x64.ActiveCfg = Debug|Any CPU
		{418316BA-22C8-475E-9590-7EDC9BC1F581}.Debug|x64.Build.0 = Debug|Any CPU
		{418316BA-22C8-475E-9590-7EDC9BC1F581}.Debug|x86.ActiveCfg = Debug|Any CPU
		{418316BA-22C8-475E-9590-7EDC9BC1F581}.Debug|x86.Build.0 = Debug|Any CPU
		{418316BA-22C8-475E-9590-7EDC9BC1F581}.Release|Any CPU.ActiveCfg = Release|Any CPU
		{418316BA-22C8-475E-9590-7EDC9BC1F581}.Release|Any CPU.Build.0 = Release|Any CPU
		{418316BA-22C8-475E-9590-7EDC9BC1F581}.Release|x64.ActiveCfg = Release|Any CPU
		{418316BA-22C8-475E-9590-7EDC9BC1F581}.Release|x64.Build.0 = Release|Any CPU
		{418316BA-22C8-475E-9590-7EDC9BC1F581}.Release|x86.ActiveCfg = Release|Any CPU
		{418316BA-22C8-475E-9590-7EDC9BC1F581}.Release|x86.Build.0 = Release|Any CPU
		{3F60A07F-ECF8-44EB-9E0C-E8DCCFB3CDF0}.Debug|Any CPU.ActiveCfg = Debug|Any CPU
		{3F60A07F-ECF8-44EB-9E0C-E8DCCFB3CDF0}.Debug|Any CPU.Build.0 = Debug|Any CPU
		{3F60A07F-ECF8-44EB-9E0C-E8DCCFB3CDF0}.Debug|x64.ActiveCfg = Debug|Any CPU
		{3F60A07F-ECF8-44EB-9E0C-E8DCCFB3CDF0}.Debug|x64.Build.0 = Debug|Any CPU
		{3F60A07F-ECF8-44EB-9E0C-E8DCCFB3CDF0}.Debug|x86.ActiveCfg = Debug|Any CPU
		{3F60A07F-ECF8-44EB-9E0C-E8DCCFB3CDF0}.Debug|x86.Build.0 = Debug|Any CPU
		{3F60A07F-ECF8-44EB-9E0C-E8DCCFB3CDF0}.Release|Any CPU.ActiveCfg = Release|Any CPU
		{3F60A07F-ECF8-44EB-9E0C-E8DCCFB3CDF0}.Release|Any CPU.Build.0 = Release|Any CPU
		{3F60A07F-ECF8-44EB-9E0C-E8DCCFB3CDF0}.Release|x64.ActiveCfg = Release|Any CPU
		{3F60A07F-ECF8-44EB-9E0C-E8DCCFB3CDF0}.Release|x64.Build.0 = Release|Any CPU
		{3F60A07F-ECF8-44EB-9E0C-E8DCCFB3CDF0}.Release|x86.ActiveCfg = Release|Any CPU
		{3F60A07F-ECF8-44EB-9E0C-E8DCCFB3CDF0}.Release|x86.Build.0 = Release|Any CPU
		{C2101BC8-C9A2-4CE7-BE86-5B45912E48BD}.Debug|Any CPU.ActiveCfg = Debug|Any CPU
		{C2101BC8-C9A2-4CE7-BE86-5B45912E48BD}.Debug|Any CPU.Build.0 = Debug|Any CPU
		{C2101BC8-C9A2-4CE7-BE86-5B45912E48BD}.Debug|x64.ActiveCfg = Debug|Any CPU
		{C2101BC8-C9A2-4CE7-BE86-5B45912E48BD}.Debug|x64.Build.0 = Debug|Any CPU
		{C2101BC8-C9A2-4CE7-BE86-5B45912E48BD}.Debug|x86.ActiveCfg = Debug|Any CPU
		{C2101BC8-C9A2-4CE7-BE86-5B45912E48BD}.Debug|x86.Build.0 = Debug|Any CPU
		{C2101BC8-C9A2-4CE7-BE86-5B45912E48BD}.Release|Any CPU.ActiveCfg = Release|Any CPU
		{C2101BC8-C9A2-4CE7-BE86-5B45912E48BD}.Release|Any CPU.Build.0 = Release|Any CPU
		{C2101BC8-C9A2-4CE7-BE86-5B45912E48BD}.Release|x64.ActiveCfg = Release|Any CPU
		{C2101BC8-C9A2-4CE7-BE86-5B45912E48BD}.Release|x64.Build.0 = Release|Any CPU
		{C2101BC8-C9A2-4CE7-BE86-5B45912E48BD}.Release|x86.ActiveCfg = Release|Any CPU
		{C2101BC8-C9A2-4CE7-BE86-5B45912E48BD}.Release|x86.Build.0 = Release|Any CPU
	EndGlobalSection
	GlobalSection(NestedProjects) = preSolution
	EndGlobalSection
EndGlobal
