
Microsoft Visual Studio Solution File, Format Version 12.00
# Visual Studio Version 16
VisualStudioVersion = 16.0.30114.105
MinimumVisualStudioVersion = 10.0.40219.1
Project("{FAE04EC0-301F-11D3-BF4B-00C04F79EFBC}") = "Ecubytes.Data", "..\..\..\EcubytesFramework\Common\Ecubytes.Data\Ecubytes.Data.csproj", "{0724493B-21B6-40FA-BD25-9E1B5FFD676D}"
EndProject
Project("{FAE04EC0-301F-11D3-BF4B-00C04F79EFBC}") = "Ecubytes.JsonUtilities", "..\..\..\EcubytesFramework\Common\Ecubytes.JsonUtilities\Ecubytes.JsonUtilities.csproj", "{BFEA24D4-4053-4E44-977B-06509F27462F}"
EndProject
Project("{FAE04EC0-301F-11D3-BF4B-00C04F79EFBC}") = "Ecubytes.Integration.Event.Repository.EntityFramework", "..\..\..\EcubytesFramework\Common\Ecubytes.Integration.Event.Repository.Ef\Ecubytes.Integration.Event.Repository.EntityFramework.csproj", "{D8B6886B-47ED-4A5F-86AA-2C6CF68A5887}"
EndProject
Project("{FAE04EC0-301F-11D3-BF4B-00C04F79EFBC}") = "Ecubytes.Integration.Event.Repository.EntityFramework.Npgsql", "..\..\..\EcubytesFramework\Common\Ecubytes.Integration.Event.Repository.Ef.Npgsql\Ecubytes.Integration.Event.Repository.EntityFramework.Npgsql.csproj", "{EAD45D58-B1D0-4F54-AEFD-4B6A876E4B30}"
EndProject
Project("{FAE04EC0-301F-11D3-BF4B-00C04F79EFBC}") = "Ecubytes.Extensions.MassTransit.AwsSqs", "..\..\..\EcubytesFramework\Common\Ecubytes.Extensions.MassTransit.AwsSqs\Ecubytes.Extensions.MassTransit.AwsSqs.csproj", "{E93066A4-4F99-4597-A162-F2CD6E867CD6}"
EndProject
Project("{FAE04EC0-301F-11D3-BF4B-00C04F79EFBC}") = "Ecubytes.Extensions.MassTransit", "..\..\..\EcubytesFramework\Common\Ecubytes.Extensions.MassTransit\Ecubytes.Extensions.MassTransit.csproj", "{9073BE03-5E06-44A2-A383-14489050EB97}"
EndProject
Project("{FAE04EC0-301F-11D3-BF4B-00C04F79EFBC}") = "Ecubytes.DependencyInjection", "..\..\..\EcubytesFramework\Common\Ecubytes.DependencyInjection\Ecubytes.DependencyInjection.csproj", "{09B8D00A-53A5-4825-ABD0-D0599ADCDA3F}"
EndProject
Project("{FAE04EC0-301F-11D3-BF4B-00C04F79EFBC}") = "Ecubytes.Data.EntityFramework", "..\..\..\EcubytesFramework\Common\Ecubytes.Data.EntityFramework\Ecubytes.Data.EntityFramework.csproj", "{F21BFAFF-A219-48D0-81F0-F0F94E25AF40}"
EndProject
Project("{FAE04EC0-301F-11D3-BF4B-00C04F79EFBC}") = "Ecubytes.AspNetCore", "..\..\..\EcubytesFramework\Common\Ecubytes.AspNetCore\Ecubytes.AspNetCore.csproj", "{9170BEDF-7061-4472-AF6E-70C6BEB66102}"
EndProject
Project("{FAE04EC0-301F-11D3-BF4B-00C04F79EFBC}") = "Ecubytes.AspNetCore.Mvc", "..\..\..\EcubytesFramework\Common\Ecubytes.AspNetCore.Mvc\Ecubytes.AspNetCore.Mvc.csproj", "{B2A72EE5-11B4-4DF1-A817-965754F8B51D}"
EndProject
Project("{FAE04EC0-301F-11D3-BF4B-00C04F79EFBC}") = "Ecubytes.AspNetCore.Http", "..\..\..\EcubytesFramework\Common\Ecubytes.AspNetCore.Http\Ecubytes.AspNetCore.Http.csproj", "{FC062BD7-3EB4-4545-9EE6-8D29BF2E1D87}"
EndProject
Project("{FAE04EC0-301F-11D3-BF4B-00C04F79EFBC}") = "Ecubytes.AspNetCore.Authorization", "..\..\..\EcubytesFramework\Common\Ecubytes.AspNetCore.Authorization\Ecubytes.AspNetCore.Authorization.csproj", "{47307C29-95C1-47E1-A52D-ADE1231D069D}"
EndProject
Project("{FAE04EC0-301F-11D3-BF4B-00C04F79EFBC}") = "Ecubytes.AspNetCore.Authentication", "..\..\..\EcubytesFramework\Common\Ecubytes.AspNetCore.Authentication\Ecubytes.AspNetCore.Authentication.csproj", "{E1EE1C28-0A3C-40B7-B01C-818130999C94}"
EndProject
Project("{FAE04EC0-301F-11D3-BF4B-00C04F79EFBC}") = "Ecubytes.Integration.Messaging", "..\..\..\EcubytesFramework\Common\Ecubytes.Integration.Messaging\Ecubytes.Integration.Messaging.csproj", "{5A7E504B-AF38-4D5E-8CD8-F4D3B50657B7}"
EndProject
Project("{2150E333-8FDC-42A3-9474-1A3956D46DE8}") = "libs", "libs", "{750F9F90-3D57-11EC-81C6-573F31388ED0}"
EndProject
Project("{FAE04EC0-301F-11D3-BF4B-00C04F79EFBC}") = "Crecer.Fair.Api", "Crecer.Fair.Api\Crecer.Fair.Api.csproj", "{418316BA-22C8-475E-9590-7EDC9BC1F581}"
EndProject
Project("{FAE04EC0-301F-11D3-BF4B-00C04F79EFBC}") = "Crecer.Fair.Data", "Crecer.Fair.Data\Crecer.Fair.Data.csproj", "{3F60A07F-ECF8-44EB-9E0C-E8DCCFB3CDF0}"
EndProject
Project("{FAE04EC0-301F-11D3-BF4B-00C04F79EFBC}") = "Crecer.Fair.Infrastructure", "Crecer.Fair.Infrastructure\Crecer.Fair.Infrastructure.csproj", "{C2101BC8-C9A2-4CE7-BE86-5B45912E48BD}"
EndProject
Project("{FAE04EC0-301F-11D3-BF4B-00C04F79EFBC}") = "Ecubytes.Integration.Event", "..\..\..\EcubytesFramework\Common\Ecubytes.Integration.Event\Ecubytes.Integration.Event.csproj", "{D970DAAC-264A-40B1-AA39-EEB5CEFDB58E}"
EndProject
Project("{FAE04EC0-301F-11D3-BF4B-00C04F79EFBC}") = "Ecubytes.Sdk.Identity", "..\..\..\EcubytesFramework\Sdk\Ecubytes.Sdk.Identity\Ecubytes.Sdk.Identity.csproj", "{26E093B3-5EDD-4451-8B19-F027E7073B93}"
EndProject
Project("{FAE04EC0-301F-11D3-BF4B-00C04F79EFBC}") = "Ecubytes.Extensions.Linq", "..\..\..\EcubytesFramework\Common\Ecubytes.Extensions.Linq\Ecubytes.Extensions.Linq.csproj", "{A2E99A5D-7017-418F-B0E9-72838672ECAA}"
EndProject
Project("{FAE04EC0-301F-11D3-BF4B-00C04F79EFBC}") = "Ecubytes.AspNetCore.Mvc.QueryRequestBinding", "..\..\..\EcubytesFramework\Common\Ecubytes.AspNetCore.Mvc.QueryRequestBinding\Ecubytes.AspNetCore.Mvc.QueryRequestBinding.csproj", "{7BFC0889-6009-4100-A5F9-D71AF878D446}"
EndProject
Global
	GlobalSection(SolutionConfigurationPlatforms) = preSolution
		Debug|Any CPU = Debug|Any CPU
		Debug|x64 = Debug|x64
		Debug|x86 = Debug|x86
		Release|Any CPU = Release|Any CPU
		Release|x64 = Release|x64
		Release|x86 = Release|x86
	EndGlobalSection
	GlobalSection(SolutionProperties) = preSolution
		HideSolutionNode = FALSE
	EndGlobalSection
	GlobalSection(ProjectConfigurationPlatforms) = postSolution
		{0724493B-21B6-40FA-BD25-9E1B5FFD676D}.Debug|Any CPU.ActiveCfg = Debug|Any CPU
		{0724493B-21B6-40FA-BD25-9E1B5FFD676D}.Debug|Any CPU.Build.0 = Debug|Any CPU
		{0724493B-21B6-40FA-BD25-9E1B5FFD676D}.Debug|x64.ActiveCfg = Debug|Any CPU
		{0724493B-21B6-40FA-BD25-9E1B5FFD676D}.Debug|x64.Build.0 = Debug|Any CPU
		{0724493B-21B6-40FA-BD25-9E1B5FFD676D}.Debug|x86.ActiveCfg = Debug|Any CPU
		{0724493B-21B6-40FA-BD25-9E1B5FFD676D}.Debug|x86.Build.0 = Debug|Any CPU
		{0724493B-21B6-40FA-BD25-9E1B5FFD676D}.Release|Any CPU.ActiveCfg = Release|Any CPU
		{0724493B-21B6-40FA-BD25-9E1B5FFD676D}.Release|Any CPU.Build.0 = Release|Any CPU
		{0724493B-21B6-40FA-BD25-9E1B5FFD676D}.Release|x64.ActiveCfg = Release|Any CPU
		{0724493B-21B6-40FA-BD25-9E1B5FFD676D}.Release|x64.Build.0 = Release|Any CPU
		{0724493B-21B6-40FA-BD25-9E1B5FFD676D}.Release|x86.ActiveCfg = Release|Any CPU
		{0724493B-21B6-40FA-BD25-9E1B5FFD676D}.Release|x86.Build.0 = Release|Any CPU
		{BFEA24D4-4053-4E44-977B-06509F27462F}.Debug|Any CPU.ActiveCfg = Debug|Any CPU
		{BFEA24D4-4053-4E44-977B-06509F27462F}.Debug|Any CPU.Build.0 = Debug|Any CPU
		{BFEA24D4-4053-4E44-977B-06509F27462F}.Debug|x64.ActiveCfg = Debug|Any CPU
		{BFEA24D4-4053-4E44-977B-06509F27462F}.Debug|x64.Build.0 = Debug|Any CPU
		{BFEA24D4-4053-4E44-977B-06509F27462F}.Debug|x86.ActiveCfg = Debug|Any CPU
		{BFEA24D4-4053-4E44-977B-06509F27462F}.Debug|x86.Build.0 = Debug|Any CPU
		{BFEA24D4-4053-4E44-977B-06509F27462F}.Release|Any CPU.ActiveCfg = Release|Any CPU
		{BFEA24D4-4053-4E44-977B-06509F27462F}.Release|Any CPU.Build.0 = Release|Any CPU
		{BFEA24D4-4053-4E44-977B-06509F27462F}.Release|x64.ActiveCfg = Release|Any CPU
		{BFEA24D4-4053-4E44-977B-06509F27462F}.Release|x64.Build.0 = Release|Any CPU
		{BFEA24D4-4053-4E44-977B-06509F27462F}.Release|x86.ActiveCfg = Release|Any CPU
		{BFEA24D4-4053-4E44-977B-06509F27462F}.Release|x86.Build.0 = Release|Any CPU
		{D8B6886B-47ED-4A5F-86AA-2C6CF68A5887}.Debug|Any CPU.ActiveCfg = Debug|Any CPU
		{D8B6886B-47ED-4A5F-86AA-2C6CF68A5887}.Debug|Any CPU.Build.0 = Debug|Any CPU
		{D8B6886B-47ED-4A5F-86AA-2C6CF68A5887}.Debug|x64.ActiveCfg = Debug|Any CPU
		{D8B6886B-47ED-4A5F-86AA-2C6CF68A5887}.Debug|x64.Build.0 = Debug|Any CPU
		{D8B6886B-47ED-4A5F-86AA-2C6CF68A5887}.Debug|x86.ActiveCfg = Debug|Any CPU
		{D8B6886B-47ED-4A5F-86AA-2C6CF68A5887}.Debug|x86.Build.0 = Debug|Any CPU
		{D8B6886B-47ED-4A5F-86AA-2C6CF68A5887}.Release|Any CPU.ActiveCfg = Release|Any CPU
		{D8B6886B-47ED-4A5F-86AA-2C6CF68A5887}.Release|Any CPU.Build.0 = Release|Any CPU
		{D8B6886B-47ED-4A5F-86AA-2C6CF68A5887}.Release|x64.ActiveCfg = Release|Any CPU
		{D8B6886B-47ED-4A5F-86AA-2C6CF68A5887}.Release|x64.Build.0 = Release|Any CPU
		{D8B6886B-47ED-4A5F-86AA-2C6CF68A5887}.Release|x86.ActiveCfg = Release|Any CPU
		{D8B6886B-47ED-4A5F-86AA-2C6CF68A5887}.Release|x86.Build.0 = Release|Any CPU
		{EAD45D58-B1D0-4F54-AEFD-4B6A876E4B30}.Debug|Any CPU.ActiveCfg = Debug|Any CPU
		{EAD45D58-B1D0-4F54-AEFD-4B6A876E4B30}.Debug|Any CPU.Build.0 = Debug|Any CPU
		{EAD45D58-B1D0-4F54-AEFD-4B6A876E4B30}.Debug|x64.ActiveCfg = Debug|Any CPU
		{EAD45D58-B1D0-4F54-AEFD-4B6A876E4B30}.Debug|x64.Build.0 = Debug|Any CPU
		{EAD45D58-B1D0-4F54-AEFD-4B6A876E4B30}.Debug|x86.ActiveCfg = Debug|Any CPU
		{EAD45D58-B1D0-4F54-AEFD-4B6A876E4B30}.Debug|x86.Build.0 = Debug|Any CPU
		{EAD45D58-B1D0-4F54-AEFD-4B6A876E4B30}.Release|Any CPU.ActiveCfg = Release|Any CPU
		{EAD45D58-B1D0-4F54-AEFD-4B6A876E4B30}.Release|Any CPU.Build.0 = Release|Any CPU
		{EAD45D58-B1D0-4F54-AEFD-4B6A876E4B30}.Release|x64.ActiveCfg = Release|Any CPU
		{EAD45D58-B1D0-4F54-AEFD-4B6A876E4B30}.Release|x64.Build.0 = Release|Any CPU
		{EAD45D58-B1D0-4F54-AEFD-4B6A876E4B30}.Release|x86.ActiveCfg = Release|Any CPU
		{EAD45D58-B1D0-4F54-AEFD-4B6A876E4B30}.Release|x86.Build.0 = Release|Any CPU
		{E93066A4-4F99-4597-A162-F2CD6E867CD6}.Debug|Any CPU.ActiveCfg = Debug|Any CPU
		{E93066A4-4F99-4597-A162-F2CD6E867CD6}.Debug|Any CPU.Build.0 = Debug|Any CPU
		{E93066A4-4F99-4597-A162-F2CD6E867CD6}.Debug|x64.ActiveCfg = Debug|Any CPU
		{E93066A4-4F99-4597-A162-F2CD6E867CD6}.Debug|x64.Build.0 = Debug|Any CPU
		{E93066A4-4F99-4597-A162-F2CD6E867CD6}.Debug|x86.ActiveCfg = Debug|Any CPU
		{E93066A4-4F99-4597-A162-F2CD6E867CD6}.Debug|x86.Build.0 = Debug|Any CPU
		{E93066A4-4F99-4597-A162-F2CD6E867CD6}.Release|Any CPU.ActiveCfg = Release|Any CPU
		{E93066A4-4F99-4597-A162-F2CD6E867CD6}.Release|Any CPU.Build.0 = Release|Any CPU
		{E93066A4-4F99-4597-A162-F2CD6E867CD6}.Release|x64.ActiveCfg = Release|Any CPU
		{E93066A4-4F99-4597-A162-F2CD6E867CD6}.Release|x64.Build.0 = Release|Any CPU
		{E93066A4-4F99-4597-A162-F2CD6E867CD6}.Release|x86.ActiveCfg = Release|Any CPU
		{E93066A4-4F99-4597-A162-F2CD6E867CD6}.Release|x86.Build.0 = Release|Any CPU
		{9073BE03-5E06-44A2-A383-14489050EB97}.Debug|Any CPU.ActiveCfg = Debug|Any CPU
		{9073BE03-5E06-44A2-A383-14489050EB97}.Debug|Any CPU.Build.0 = Debug|Any CPU
		{9073BE03-5E06-44A2-A383-14489050EB97}.Debug|x64.ActiveCfg = Debug|Any CPU
		{9073BE03-5E06-44A2-A383-14489050EB97}.Debug|x64.Build.0 = Debug|Any CPU
		{9073BE03-5E06-44A2-A383-14489050EB97}.Debug|x86.ActiveCfg = Debug|Any CPU
		{9073BE03-5E06-44A2-A383-14489050EB97}.Debug|x86.Build.0 = Debug|Any CPU
		{9073BE03-5E06-44A2-A383-14489050EB97}.Release|Any CPU.ActiveCfg = Release|Any CPU
		{9073BE03-5E06-44A2-A383-14489050EB97}.Release|Any CPU.Build.0 = Release|Any CPU
		{9073BE03-5E06-44A2-A383-14489050EB97}.Release|x64.ActiveCfg = Release|Any CPU
		{9073BE03-5E06-44A2-A383-14489050EB97}.Release|x64.Build.0 = Release|Any CPU
		{9073BE03-5E06-44A2-A383-14489050EB97}.Release|x86.ActiveCfg = Release|Any CPU
		{9073BE03-5E06-44A2-A383-14489050EB97}.Release|x86.Build.0 = Release|Any CPU
		{09B8D00A-53A5-4825-ABD0-D0599ADCDA3F}.Debug|Any CPU.ActiveCfg = Debug|Any CPU
		{09B8D00A-53A5-4825-ABD0-D0599ADCDA3F}.Debug|Any CPU.Build.0 = Debug|Any CPU
		{09B8D00A-53A5-4825-ABD0-D0599ADCDA3F}.Debug|x64.ActiveCfg = Debug|Any CPU
		{09B8D00A-53A5-4825-ABD0-D0599ADCDA3F}.Debug|x64.Build.0 = Debug|Any CPU
		{09B8D00A-53A5-4825-ABD0-D0599ADCDA3F}.Debug|x86.ActiveCfg = Debug|Any CPU
		{09B8D00A-53A5-4825-ABD0-D0599ADCDA3F}.Debug|x86.Build.0 = Debug|Any CPU
		{09B8D00A-53A5-4825-ABD0-D0599ADCDA3F}.Release|Any CPU.ActiveCfg = Release|Any CPU
		{09B8D00A-53A5-4825-ABD0-D0599ADCDA3F}.Release|Any CPU.Build.0 = Release|Any CPU
		{09B8D00A-53A5-4825-ABD0-D0599ADCDA3F}.Release|x64.ActiveCfg = Release|Any CPU
		{09B8D00A-53A5-4825-ABD0-D0599ADCDA3F}.Release|x64.Build.0 = Release|Any CPU
		{09B8D00A-53A5-4825-ABD0-D0599ADCDA3F}.Release|x86.ActiveCfg = Release|Any CPU
		{09B8D00A-53A5-4825-ABD0-D0599ADCDA3F}.Release|x86.Build.0 = Release|Any CPU
		{F21BFAFF-A219-48D0-81F0-F0F94E25AF40}.Debug|Any CPU.ActiveCfg = Debug|Any CPU
		{F21BFAFF-A219-48D0-81F0-F0F94E25AF40}.Debug|Any CPU.Build.0 = Debug|Any CPU
		{F21BFAFF-A219-48D0-81F0-F0F94E25AF40}.Debug|x64.ActiveCfg = Debug|Any CPU
		{F21BFAFF-A219-48D0-81F0-F0F94E25AF40}.Debug|x64.Build.0 = Debug|Any CPU
		{F21BFAFF-A219-48D0-81F0-F0F94E25AF40}.Debug|x86.ActiveCfg = Debug|Any CPU
		{F21BFAFF-A219-48D0-81F0-F0F94E25AF40}.Debug|x86.Build.0 = Debug|Any CPU
		{F21BFAFF-A219-48D0-81F0-F0F94E25AF40}.Release|Any CPU.ActiveCfg = Release|Any CPU
		{F21BFAFF-A219-48D0-81F0-F0F94E25AF40}.Release|Any CPU.Build.0 = Release|Any CPU
		{F21BFAFF-A219-48D0-81F0-F0F94E25AF40}.Release|x64.ActiveCfg = Release|Any CPU
		{F21BFAFF-A219-48D0-81F0-F0F94E25AF40}.Release|x64.Build.0 = Release|Any CPU
		{F21BFAFF-A219-48D0-81F0-F0F94E25AF40}.Release|x86.ActiveCfg = Release|Any CPU
		{F21BFAFF-A219-48D0-81F0-F0F94E25AF40}.Release|x86.Build.0 = Release|Any CPU
		{9170BEDF-7061-4472-AF6E-70C6BEB66102}.Debug|Any CPU.ActiveCfg = Debug|Any CPU
		{9170BEDF-7061-4472-AF6E-70C6BEB66102}.Debug|Any CPU.Build.0 = Debug|Any CPU
		{9170BEDF-7061-4472-AF6E-70C6BEB66102}.Debug|x64.ActiveCfg = Debug|Any CPU
		{9170BEDF-7061-4472-AF6E-70C6BEB66102}.Debug|x64.Build.0 = Debug|Any CPU
		{9170BEDF-7061-4472-AF6E-70C6BEB66102}.Debug|x86.ActiveCfg = Debug|Any CPU
		{9170BEDF-7061-4472-AF6E-70C6BEB66102}.Debug|x86.Build.0 = Debug|Any CPU
		{9170BEDF-7061-4472-AF6E-70C6BEB66102}.Release|Any CPU.ActiveCfg = Release|Any CPU
		{9170BEDF-7061-4472-AF6E-70C6BEB66102}.Release|Any CPU.Build.0 = Release|Any CPU
		{9170BEDF-7061-4472-AF6E-70C6BEB66102}.Release|x64.ActiveCfg = Release|Any CPU
		{9170BEDF-7061-4472-AF6E-70C6BEB66102}.Release|x64.Build.0 = Release|Any CPU
		{9170BEDF-7061-4472-AF6E-70C6BEB66102}.Release|x86.ActiveCfg = Release|Any CPU
		{9170BEDF-7061-4472-AF6E-70C6BEB66102}.Release|x86.Build.0 = Release|Any CPU
		{B2A72EE5-11B4-4DF1-A817-965754F8B51D}.Debug|Any CPU.ActiveCfg = Debug|Any CPU
		{B2A72EE5-11B4-4DF1-A817-965754F8B51D}.Debug|Any CPU.Build.0 = Debug|Any CPU
		{B2A72EE5-11B4-4DF1-A817-965754F8B51D}.Debug|x64.ActiveCfg = Debug|Any CPU
		{B2A72EE5-11B4-4DF1-A817-965754F8B51D}.Debug|x64.Build.0 = Debug|Any CPU
		{B2A72EE5-11B4-4DF1-A817-965754F8B51D}.Debug|x86.ActiveCfg = Debug|Any CPU
		{B2A72EE5-11B4-4DF1-A817-965754F8B51D}.Debug|x86.Build.0 = Debug|Any CPU
		{B2A72EE5-11B4-4DF1-A817-965754F8B51D}.Release|Any CPU.ActiveCfg = Release|Any CPU
		{B2A72EE5-11B4-4DF1-A817-965754F8B51D}.Release|Any CPU.Build.0 = Release|Any CPU
		{B2A72EE5-11B4-4DF1-A817-965754F8B51D}.Release|x64.ActiveCfg = Release|Any CPU
		{B2A72EE5-11B4-4DF1-A817-965754F8B51D}.Release|x64.Build.0 = Release|Any CPU
		{B2A72EE5-11B4-4DF1-A817-965754F8B51D}.Release|x86.ActiveCfg = Release|Any CPU
		{B2A72EE5-11B4-4DF1-A817-965754F8B51D}.Release|x86.Build.0 = Release|Any CPU
		{FC062BD7-3EB4-4545-9EE6-8D29BF2E1D87}.Debug|Any CPU.ActiveCfg = Debug|Any CPU
		{FC062BD7-3EB4-4545-9EE6-8D29BF2E1D87}.Debug|Any CPU.Build.0 = Debug|Any CPU
		{FC062BD7-3EB4-4545-9EE6-8D29BF2E1D87}.Debug|x64.ActiveCfg = Debug|Any CPU
		{FC062BD7-3EB4-4545-9EE6-8D29BF2E1D87}.Debug|x64.Build.0 = Debug|Any CPU
		{FC062BD7-3EB4-4545-9EE6-8D29BF2E1D87}.Debug|x86.ActiveCfg = Debug|Any CPU
		{FC062BD7-3EB4-4545-9EE6-8D29BF2E1D87}.Debug|x86.Build.0 = Debug|Any CPU
		{FC062BD7-3EB4-4545-9EE6-8D29BF2E1D87}.Release|Any CPU.ActiveCfg = Release|Any CPU
		{FC062BD7-3EB4-4545-9EE6-8D29BF2E1D87}.Release|Any CPU.Build.0 = Release|Any CPU
		{FC062BD7-3EB4-4545-9EE6-8D29BF2E1D87}.Release|x64.ActiveCfg = Release|Any CPU
		{FC062BD7-3EB4-4545-9EE6-8D29BF2E1D87}.Release|x64.Build.0 = Release|Any CPU
		{FC062BD7-3EB4-4545-9EE6-8D29BF2E1D87}.Release|x86.ActiveCfg = Release|Any CPU
		{FC062BD7-3EB4-4545-9EE6-8D29BF2E1D87}.Release|x86.Build.0 = Release|Any CPU
		{47307C29-95C1-47E1-A52D-ADE1231D069D}.Debug|Any CPU.ActiveCfg = Debug|Any CPU
		{47307C29-95C1-47E1-A52D-ADE1231D069D}.Debug|Any CPU.Build.0 = Debug|Any CPU
		{47307C29-95C1-47E1-A52D-ADE1231D069D}.Debug|x64.ActiveCfg = Debug|Any CPU
		{47307C29-95C1-47E1-A52D-ADE1231D069D}.Debug|x64.Build.0 = Debug|Any CPU
		{47307C29-95C1-47E1-A52D-ADE1231D069D}.Debug|x86.ActiveCfg = Debug|Any CPU
		{47307C29-95C1-47E1-A52D-ADE1231D069D}.Debug|x86.Build.0 = Debug|Any CPU
		{47307C29-95C1-47E1-A52D-ADE1231D069D}.Release|Any CPU.ActiveCfg = Release|Any CPU
		{47307C29-95C1-47E1-A52D-ADE1231D069D}.Release|Any CPU.Build.0 = Release|Any CPU
		{47307C29-95C1-47E1-A52D-ADE1231D069D}.Release|x64.ActiveCfg = Release|Any CPU
		{47307C29-95C1-47E1-A52D-ADE1231D069D}.Release|x64.Build.0 = Release|Any CPU
		{47307C29-95C1-47E1-A52D-ADE1231D069D}.Release|x86.ActiveCfg = Release|Any CPU
		{47307C29-95C1-47E1-A52D-ADE1231D069D}.Release|x86.Build.0 = Release|Any CPU
		{E1EE1C28-0A3C-40B7-B01C-818130999C94}.Debug|Any CPU.ActiveCfg = Debug|Any CPU
		{E1EE1C28-0A3C-40B7-B01C-818130999C94}.Debug|Any CPU.Build.0 = Debug|Any CPU
		{E1EE1C28-0A3C-40B7-B01C-818130999C94}.Debug|x64.ActiveCfg = Debug|Any CPU
		{E1EE1C28-0A3C-40B7-B01C-818130999C94}.Debug|x64.Build.0 = Debug|Any CPU
		{E1EE1C28-0A3C-40B7-B01C-818130999C94}.Debug|x86.ActiveCfg = Debug|Any CPU
		{E1EE1C28-0A3C-40B7-B01C-818130999C94}.Debug|x86.Build.0 = Debug|Any CPU
		{E1EE1C28-0A3C-40B7-B01C-818130999C94}.Release|Any CPU.ActiveCfg = Release|Any CPU
		{E1EE1C28-0A3C-40B7-B01C-818130999C94}.Release|Any CPU.Build.0 = Release|Any CPU
		{E1EE1C28-0A3C-40B7-B01C-818130999C94}.Release|x64.ActiveCfg = Release|Any CPU
		{E1EE1C28-0A3C-40B7-B01C-818130999C94}.Release|x64.Build.0 = Release|Any CPU
		{E1EE1C28-0A3C-40B7-B01C-818130999C94}.Release|x86.ActiveCfg = Release|Any CPU
		{E1EE1C28-0A3C-40B7-B01C-818130999C94}.Release|x86.Build.0 = Release|Any CPU
		{5A7E504B-AF38-4D5E-8CD8-F4D3B50657B7}.Debug|Any CPU.ActiveCfg = Debug|Any CPU
		{5A7E504B-AF38-4D5E-8CD8-F4D3B50657B7}.Debug|Any CPU.Build.0 = Debug|Any CPU
		{5A7E504B-AF38-4D5E-8CD8-F4D3B50657B7}.Debug|x64.ActiveCfg = Debug|Any CPU
		{5A7E504B-AF38-4D5E-8CD8-F4D3B50657B7}.Debug|x64.Build.0 = Debug|Any CPU
		{5A7E504B-AF38-4D5E-8CD8-F4D3B50657B7}.Debug|x86.ActiveCfg = Debug|Any CPU
		{5A7E504B-AF38-4D5E-8CD8-F4D3B50657B7}.Debug|x86.Build.0 = Debug|Any CPU
		{5A7E504B-AF38-4D5E-8CD8-F4D3B50657B7}.Release|Any CPU.ActiveCfg = Release|Any CPU
		{5A7E504B-AF38-4D5E-8CD8-F4D3B50657B7}.Release|Any CPU.Build.0 = Release|Any CPU
		{5A7E504B-AF38-4D5E-8CD8-F4D3B50657B7}.Release|x64.ActiveCfg = Release|Any CPU
		{5A7E504B-AF38-4D5E-8CD8-F4D3B50657B7}.Release|x64.Build.0 = Release|Any CPU
		{5A7E504B-AF38-4D5E-8CD8-F4D3B50657B7}.Release|x86.ActiveCfg = Release|Any CPU
		{5A7E504B-AF38-4D5E-8CD8-F4D3B50657B7}.Release|x86.Build.0 = Release|Any CPU
		{418316BA-22C8-475E-9590-7EDC9BC1F581}.Debug|Any CPU.ActiveCfg = Debug|Any CPU
		{418316BA-22C8-475E-9590-7EDC9BC1F581}.Debug|Any CPU.Build.0 = Debug|Any CPU
		{418316BA-22C8-475E-9590-7EDC9BC1F581}.Debug|x64.ActiveCfg = Debug|Any CPU
		{418316BA-22C8-475E-9590-7EDC9BC1F581}.Debug|x64.Build.0 = Debug|Any CPU
		{418316BA-22C8-475E-9590-7EDC9BC1F581}.Debug|x86.ActiveCfg = Debug|Any CPU
		{418316BA-22C8-475E-9590-7EDC9BC1F581}.Debug|x86.Build.0 = Debug|Any CPU
		{418316BA-22C8-475E-9590-7EDC9BC1F581}.Release|Any CPU.ActiveCfg = Release|Any CPU
		{418316BA-22C8-475E-9590-7EDC9BC1F581}.Release|Any CPU.Build.0 = Release|Any CPU
		{418316BA-22C8-475E-9590-7EDC9BC1F581}.Release|x64.ActiveCfg = Release|Any CPU
		{418316BA-22C8-475E-9590-7EDC9BC1F581}.Release|x64.Build.0 = Release|Any CPU
		{418316BA-22C8-475E-9590-7EDC9BC1F581}.Release|x86.ActiveCfg = Release|Any CPU
		{418316BA-22C8-475E-9590-7EDC9BC1F581}.Release|x86.Build.0 = Release|Any CPU
		{3F60A07F-ECF8-44EB-9E0C-E8DCCFB3CDF0}.Debug|Any CPU.ActiveCfg = Debug|Any CPU
		{3F60A07F-ECF8-44EB-9E0C-E8DCCFB3CDF0}.Debug|Any CPU.Build.0 = Debug|Any CPU
		{3F60A07F-ECF8-44EB-9E0C-E8DCCFB3CDF0}.Debug|x64.ActiveCfg = Debug|Any CPU
		{3F60A07F-ECF8-44EB-9E0C-E8DCCFB3CDF0}.Debug|x64.Build.0 = Debug|Any CPU
		{3F60A07F-ECF8-44EB-9E0C-E8DCCFB3CDF0}.Debug|x86.ActiveCfg = Debug|Any CPU
		{3F60A07F-ECF8-44EB-9E0C-E8DCCFB3CDF0}.Debug|x86.Build.0 = Debug|Any CPU
		{3F60A07F-ECF8-44EB-9E0C-E8DCCFB3CDF0}.Release|Any CPU.ActiveCfg = Release|Any CPU
		{3F60A07F-ECF8-44EB-9E0C-E8DCCFB3CDF0}.Release|Any CPU.Build.0 = Release|Any CPU
		{3F60A07F-ECF8-44EB-9E0C-E8DCCFB3CDF0}.Release|x64.ActiveCfg = Release|Any CPU
		{3F60A07F-ECF8-44EB-9E0C-E8DCCFB3CDF0}.Release|x64.Build.0 = Release|Any CPU
		{3F60A07F-ECF8-44EB-9E0C-E8DCCFB3CDF0}.Release|x86.ActiveCfg = Release|Any CPU
		{3F60A07F-ECF8-44EB-9E0C-E8DCCFB3CDF0}.Release|x86.Build.0 = Release|Any CPU
		{C2101BC8-C9A2-4CE7-BE86-5B45912E48BD}.Debug|Any CPU.ActiveCfg = Debug|Any CPU
		{C2101BC8-C9A2-4CE7-BE86-5B45912E48BD}.Debug|Any CPU.Build.0 = Debug|Any CPU
		{C2101BC8-C9A2-4CE7-BE86-5B45912E48BD}.Debug|x64.ActiveCfg = Debug|Any CPU
		{C2101BC8-C9A2-4CE7-BE86-5B45912E48BD}.Debug|x64.Build.0 = Debug|Any CPU
		{C2101BC8-C9A2-4CE7-BE86-5B45912E48BD}.Debug|x86.ActiveCfg = Debug|Any CPU
		{C2101BC8-C9A2-4CE7-BE86-5B45912E48BD}.Debug|x86.Build.0 = Debug|Any CPU
		{C2101BC8-C9A2-4CE7-BE86-5B45912E48BD}.Release|Any CPU.ActiveCfg = Release|Any CPU
		{C2101BC8-C9A2-4CE7-BE86-5B45912E48BD}.Release|Any CPU.Build.0 = Release|Any CPU
		{C2101BC8-C9A2-4CE7-BE86-5B45912E48BD}.Release|x64.ActiveCfg = Release|Any CPU
		{C2101BC8-C9A2-4CE7-BE86-5B45912E48BD}.Release|x64.Build.0 = Release|Any CPU
		{C2101BC8-C9A2-4CE7-BE86-5B45912E48BD}.Release|x86.ActiveCfg = Release|Any CPU
		{C2101BC8-C9A2-4CE7-BE86-5B45912E48BD}.Release|x86.Build.0 = Release|Any CPU
		{D970DAAC-264A-40B1-AA39-EEB5CEFDB58E}.Debug|Any CPU.ActiveCfg = Debug|Any CPU
		{D970DAAC-264A-40B1-AA39-EEB5CEFDB58E}.Debug|Any CPU.Build.0 = Debug|Any CPU
		{D970DAAC-264A-40B1-AA39-EEB5CEFDB58E}.Debug|x64.ActiveCfg = Debug|Any CPU
		{D970DAAC-264A-40B1-AA39-EEB5CEFDB58E}.Debug|x64.Build.0 = Debug|Any CPU
		{D970DAAC-264A-40B1-AA39-EEB5CEFDB58E}.Debug|x86.ActiveCfg = Debug|Any CPU
		{D970DAAC-264A-40B1-AA39-EEB5CEFDB58E}.Debug|x86.Build.0 = Debug|Any CPU
		{D970DAAC-264A-40B1-AA39-EEB5CEFDB58E}.Release|Any CPU.ActiveCfg = Release|Any CPU
		{D970DAAC-264A-40B1-AA39-EEB5CEFDB58E}.Release|Any CPU.Build.0 = Release|Any CPU
		{D970DAAC-264A-40B1-AA39-EEB5CEFDB58E}.Release|x64.ActiveCfg = Release|Any CPU
		{D970DAAC-264A-40B1-AA39-EEB5CEFDB58E}.Release|x64.Build.0 = Release|Any CPU
		{D970DAAC-264A-40B1-AA39-EEB5CEFDB58E}.Release|x86.ActiveCfg = Release|Any CPU
		{D970DAAC-264A-40B1-AA39-EEB5CEFDB58E}.Release|x86.Build.0 = Release|Any CPU
		{26E093B3-5EDD-4451-8B19-F027E7073B93}.Debug|Any CPU.ActiveCfg = Debug|Any CPU
		{26E093B3-5EDD-4451-8B19-F027E7073B93}.Debug|Any CPU.Build.0 = Debug|Any CPU
		{26E093B3-5EDD-4451-8B19-F027E7073B93}.Debug|x64.ActiveCfg = Debug|Any CPU
		{26E093B3-5EDD-4451-8B19-F027E7073B93}.Debug|x64.Build.0 = Debug|Any CPU
		{26E093B3-5EDD-4451-8B19-F027E7073B93}.Debug|x86.ActiveCfg = Debug|Any CPU
		{26E093B3-5EDD-4451-8B19-F027E7073B93}.Debug|x86.Build.0 = Debug|Any CPU
		{26E093B3-5EDD-4451-8B19-F027E7073B93}.Release|Any CPU.ActiveCfg = Release|Any CPU
		{26E093B3-5EDD-4451-8B19-F027E7073B93}.Release|Any CPU.Build.0 = Release|Any CPU
		{26E093B3-5EDD-4451-8B19-F027E7073B93}.Release|x64.ActiveCfg = Release|Any CPU
		{26E093B3-5EDD-4451-8B19-F027E7073B93}.Release|x64.Build.0 = Release|Any CPU
		{26E093B3-5EDD-4451-8B19-F027E7073B93}.Release|x86.ActiveCfg = Release|Any CPU
		{26E093B3-5EDD-4451-8B19-F027E7073B93}.Release|x86.Build.0 = Release|Any CPU
		{A2E99A5D-7017-418F-B0E9-72838672ECAA}.Debug|Any CPU.ActiveCfg = Debug|Any CPU
		{A2E99A5D-7017-418F-B0E9-72838672ECAA}.Debug|Any CPU.Build.0 = Debug|Any CPU
		{A2E99A5D-7017-418F-B0E9-72838672ECAA}.Debug|x64.ActiveCfg = Debug|Any CPU
		{A2E99A5D-7017-418F-B0E9-72838672ECAA}.Debug|x64.Build.0 = Debug|Any CPU
		{A2E99A5D-7017-418F-B0E9-72838672ECAA}.Debug|x86.ActiveCfg = Debug|Any CPU
		{A2E99A5D-7017-418F-B0E9-72838672ECAA}.Debug|x86.Build.0 = Debug|Any CPU
		{A2E99A5D-7017-418F-B0E9-72838672ECAA}.Release|Any CPU.ActiveCfg = Release|Any CPU
		{A2E99A5D-7017-418F-B0E9-72838672ECAA}.Release|Any CPU.Build.0 = Release|Any CPU
		{A2E99A5D-7017-418F-B0E9-72838672ECAA}.Release|x64.ActiveCfg = Release|Any CPU
		{A2E99A5D-7017-418F-B0E9-72838672ECAA}.Release|x64.Build.0 = Release|Any CPU
		{A2E99A5D-7017-418F-B0E9-72838672ECAA}.Release|x86.ActiveCfg = Release|Any CPU
		{A2E99A5D-7017-418F-B0E9-72838672ECAA}.Release|x86.Build.0 = Release|Any CPU
		{7BFC0889-6009-4100-A5F9-D71AF878D446}.Debug|Any CPU.ActiveCfg = Debug|Any CPU
		{7BFC0889-6009-4100-A5F9-D71AF878D446}.Debug|Any CPU.Build.0 = Debug|Any CPU
		{7BFC0889-6009-4100-A5F9-D71AF878D446}.Debug|x64.ActiveCfg = Debug|Any CPU
		{7BFC0889-6009-4100-A5F9-D71AF878D446}.Debug|x64.Build.0 = Debug|Any CPU
		{7BFC0889-6009-4100-A5F9-D71AF878D446}.Debug|x86.ActiveCfg = Debug|Any CPU
		{7BFC0889-6009-4100-A5F9-D71AF878D446}.Debug|x86.Build.0 = Debug|Any CPU
		{7BFC0889-6009-4100-A5F9-D71AF878D446}.Release|Any CPU.ActiveCfg = Release|Any CPU
		{7BFC0889-6009-4100-A5F9-D71AF878D446}.Release|Any CPU.Build.0 = Release|Any CPU
		{7BFC0889-6009-4100-A5F9-D71AF878D446}.Release|x64.ActiveCfg = Release|Any CPU
		{7BFC0889-6009-4100-A5F9-D71AF878D446}.Release|x64.Build.0 = Release|Any CPU
		{7BFC0889-6009-4100-A5F9-D71AF878D446}.Release|x86.ActiveCfg = Release|Any CPU
		{7BFC0889-6009-4100-A5F9-D71AF878D446}.Release|x86.Build.0 = Release|Any CPU
	EndGlobalSection
	GlobalSection(NestedProjects) = preSolution
		{7BFC0889-6009-4100-A5F9-D71AF878D446} = {750F9F90-3D57-11EC-81C6-573F31388ED0}
		{A2E99A5D-7017-418F-B0E9-72838672ECAA} = {750F9F90-3D57-11EC-81C6-573F31388ED0}
		{26E093B3-5EDD-4451-8B19-F027E7073B93} = {750F9F90-3D57-11EC-81C6-573F31388ED0}
		{D970DAAC-264A-40B1-AA39-EEB5CEFDB58E} = {750F9F90-3D57-11EC-81C6-573F31388ED0}
		{BFEA24D4-4053-4E44-977B-06509F27462F} = {750F9F90-3D57-11EC-81C6-573F31388ED0}
		{5A7E504B-AF38-4D5E-8CD8-F4D3B50657B7} = {750F9F90-3D57-11EC-81C6-573F31388ED0}
		{EAD45D58-B1D0-4F54-AEFD-4B6A876E4B30} = {750F9F90-3D57-11EC-81C6-573F31388ED0}
		{D8B6886B-47ED-4A5F-86AA-2C6CF68A5887} = {750F9F90-3D57-11EC-81C6-573F31388ED0}
		{E93066A4-4F99-4597-A162-F2CD6E867CD6} = {750F9F90-3D57-11EC-81C6-573F31388ED0}
		{9073BE03-5E06-44A2-A383-14489050EB97} = {750F9F90-3D57-11EC-81C6-573F31388ED0}
		{09B8D00A-53A5-4825-ABD0-D0599ADCDA3F} = {750F9F90-3D57-11EC-81C6-573F31388ED0}
		{F21BFAFF-A219-48D0-81F0-F0F94E25AF40} = {750F9F90-3D57-11EC-81C6-573F31388ED0}
		{0724493B-21B6-40FA-BD25-9E1B5FFD676D} = {750F9F90-3D57-11EC-81C6-573F31388ED0}
		{B2A72EE5-11B4-4DF1-A817-965754F8B51D} = {750F9F90-3D57-11EC-81C6-573F31388ED0}
		{FC062BD7-3EB4-4545-9EE6-8D29BF2E1D87} = {750F9F90-3D57-11EC-81C6-573F31388ED0}
		{47307C29-95C1-47E1-A52D-ADE1231D069D} = {750F9F90-3D57-11EC-81C6-573F31388ED0}
		{E1EE1C28-0A3C-40B7-B01C-818130999C94} = {750F9F90-3D57-11EC-81C6-573F31388ED0}
		{9170BEDF-7061-4472-AF6E-70C6BEB66102} = {750F9F90-3D57-11EC-81C6-573F31388ED0}
	EndGlobalSection
EndGlobal
